// !$*UTF8*$!
{
	archiveVersion = 1;
	classes = {
	};
	objectVersion = 56;
	objects = {

/* Begin PBXBuildFile section */
		1B04557C28DB8938008ABA88 /* quantity-list-cell.json in Resources */ = {isa = PBXBuildFile; fileRef = 1B04557B28DB8937008ABA88 /* quantity-list-cell.json */; };
		1B04557E28DCE835008ABA88 /* blockCategory.json in Resources */ = {isa = PBXBuildFile; fileRef = 1B04557D28DCE835008ABA88 /* blockCategory.json */; };
		1B0A02822885DEA400C4A421 /* ChallengeCategoryCardView.swift in Sources */ = {isa = PBXBuildFile; fileRef = 1B0A02812885DEA400C4A421 /* ChallengeCategoryCardView.swift */; };
		1B0A02852885F03100C4A421 /* QCCategorySelectionView.swift in Sources */ = {isa = PBXBuildFile; fileRef = 1B0A02842885F03100C4A421 /* QCCategorySelectionView.swift */; };
		1B0A028C28871BE700C4A421 /* QCNamingView.swift in Sources */ = {isa = PBXBuildFile; fileRef = 1B0A028B28871BE700C4A421 /* QCNamingView.swift */; };
		1B0A0291288724C200C4A421 /* PermanentKeyboard.swift in Sources */ = {isa = PBXBuildFile; fileRef = 1B0A0290288724C200C4A421 /* PermanentKeyboard.swift */; };
		1B0A0293288743C800C4A421 /* QCSelectParticipantsView.swift in Sources */ = {isa = PBXBuildFile; fileRef = 1B0A0292288743C800C4A421 /* QCSelectParticipantsView.swift */; };
		1B0A02982887498B00C4A421 /* CustomProgressBar.swift in Sources */ = {isa = PBXBuildFile; fileRef = 1B0A02972887498B00C4A421 /* CustomProgressBar.swift */; };
		1B0A029A2887628400C4A421 /* QCAmountWinRulesView.swift in Sources */ = {isa = PBXBuildFile; fileRef = 1B0A02992887628400C4A421 /* QCAmountWinRulesView.swift */; };
		1B0A029C2887680000C4A421 /* QCChallengeCreatedView.swift in Sources */ = {isa = PBXBuildFile; fileRef = 1B0A029B2887680000C4A421 /* QCChallengeCreatedView.swift */; };
		1B0A02A12887B2AC00C4A421 /* ChallengeMetricSelectionCardView.swift in Sources */ = {isa = PBXBuildFile; fileRef = 1B0A02A02887B2AC00C4A421 /* ChallengeMetricSelectionCardView.swift */; };
		1B0A02A32887B6BF00C4A421 /* TimeChallengeWinRulesView.swift in Sources */ = {isa = PBXBuildFile; fileRef = 1B0A02A22887B6BF00C4A421 /* TimeChallengeWinRulesView.swift */; };
		1B0A02A52887C8CD00C4A421 /* TimePickerSelectionView.swift in Sources */ = {isa = PBXBuildFile; fileRef = 1B0A02A42887C8CD00C4A421 /* TimePickerSelectionView.swift */; };
		1B0A02A92887CACF00C4A421 /* CustomMultiWheelPicker.swift in Sources */ = {isa = PBXBuildFile; fileRef = 1B0A02A82887CACF00C4A421 /* CustomMultiWheelPicker.swift */; };
		1B0A02AB2887D8E400C4A421 /* BestOfChallengeWinRulesView.swift in Sources */ = {isa = PBXBuildFile; fileRef = 1B0A02AA2887D8E400C4A421 /* BestOfChallengeWinRulesView.swift */; };
		1B3ED06E287F39DF00E1538B /* URLSession+Extensions.swift in Sources */ = {isa = PBXBuildFile; fileRef = 1B3ED06D287F39DF00E1538B /* URLSession+Extensions.swift */; };
		1B3ED070287F39EC00E1538B /* HTTPClient.swift in Sources */ = {isa = PBXBuildFile; fileRef = 1B3ED06F287F39EC00E1538B /* HTTPClient.swift */; };
		1B3ED072287F45DE00E1538B /* UserLoginViewModelTests.swift in Sources */ = {isa = PBXBuildFile; fileRef = 1B3ED071287F45DE00E1538B /* UserLoginViewModelTests.swift */; };
		1B3ED07428809A3400E1538B /* UserRegistrationViewModelTests.swift in Sources */ = {isa = PBXBuildFile; fileRef = 1B3ED07328809A3400E1538B /* UserRegistrationViewModelTests.swift */; };
		1B3ED07728809DAF00E1538B /* ServerResponse.swift in Sources */ = {isa = PBXBuildFile; fileRef = 1B3ED07628809DAF00E1538B /* ServerResponse.swift */; };
		1B3ED0792880A6DD00E1538B /* MockHTTPClient.swift in Sources */ = {isa = PBXBuildFile; fileRef = 1B3ED0782880A6DD00E1538B /* MockHTTPClient.swift */; };
		1B3ED07B2881E16700E1538B /* HTTPResult.swift in Sources */ = {isa = PBXBuildFile; fileRef = 1B3ED07A2881E16600E1538B /* HTTPResult.swift */; };
		1B3ED07D2881E1A100E1538B /* Publisher+Extensions.swift in Sources */ = {isa = PBXBuildFile; fileRef = 1B3ED07C2881E1A100E1538B /* Publisher+Extensions.swift */; };
		1B4135B928597E8900C7094A /* FieroApp.swift in Sources */ = {isa = PBXBuildFile; fileRef = 1B4135B828597E8900C7094A /* FieroApp.swift */; };
		1B4135BB28597E8900C7094A /* ContentView.swift in Sources */ = {isa = PBXBuildFile; fileRef = 1B4135BA28597E8900C7094A /* ContentView.swift */; };
		1B4135BD28597E8F00C7094A /* Assets.xcassets in Resources */ = {isa = PBXBuildFile; fileRef = 1B4135BC28597E8F00C7094A /* Assets.xcassets */; };
		1B4135C028597E8F00C7094A /* Preview Assets.xcassets in Resources */ = {isa = PBXBuildFile; fileRef = 1B4135BF28597E8F00C7094A /* Preview Assets.xcassets */; };
		1B4135D428597E8F00C7094A /* FieroUITests.swift in Sources */ = {isa = PBXBuildFile; fileRef = 1B4135D328597E8F00C7094A /* FieroUITests.swift */; };
		1B4135D628597E8F00C7094A /* FieroUITestsLaunchTests.swift in Sources */ = {isa = PBXBuildFile; fileRef = 1B4135D528597E8F00C7094A /* FieroUITestsLaunchTests.swift */; };
		1B46849728C786BF0041BFED /* UDKeysEnum.swift in Sources */ = {isa = PBXBuildFile; fileRef = 1B46849628C786BF0041BFED /* UDKeysEnum.swift */; };
		1B56226428E3817400C505DC /* FieroAPI.swift in Sources */ = {isa = PBXBuildFile; fileRef = 1B56226328E3817400C505DC /* FieroAPI.swift */; };
		1B5B7CDD2874BF6A00B4628F /* View+Extensions.swift in Sources */ = {isa = PBXBuildFile; fileRef = 1B5B7CDC2874BF6A00B4628F /* View+Extensions.swift */; };
		1B5B7CE428761F7800B4628F /* TextFieldStyleVariant.swift in Sources */ = {isa = PBXBuildFile; fileRef = 1B5B7CE328761F7800B4628F /* TextFieldStyleVariant.swift */; };
		1B5B7CE62877588000B4628F /* AccountLoginView.swift in Sources */ = {isa = PBXBuildFile; fileRef = 1B5B7CE52877588000B4628F /* AccountLoginView.swift */; };
		1B6020C0289C3B4000AEF47B /* CustomTitleImageListRow.swift in Sources */ = {isa = PBXBuildFile; fileRef = 1B6020BF289C3B4000AEF47B /* CustomTitleImageListRow.swift */; };
		1B6020C628A0B03D00AEF47B /* QuickChallengeViewModelTests.swift in Sources */ = {isa = PBXBuildFile; fileRef = 1B6020C528A0B03D00AEF47B /* QuickChallengeViewModelTests.swift */; };
		1B6020C828A1940200AEF47B /* Member.swift in Sources */ = {isa = PBXBuildFile; fileRef = 1B6020C728A1940200AEF47B /* Member.swift */; };
		1B6020CA28A1AD8300AEF47B /* MockKeyValueStorage.swift in Sources */ = {isa = PBXBuildFile; fileRef = 1B6020C928A1AD8300AEF47B /* MockKeyValueStorage.swift */; };
		1B6020CE28A1B20B00AEF47B /* ChallengesListScreenView.swift in Sources */ = {isa = PBXBuildFile; fileRef = 1B6020CD28A1B20B00AEF47B /* ChallengesListScreenView.swift */; };
		1B6020D028A1B26C00AEF47B /* ListWithoutSeparator.swift in Sources */ = {isa = PBXBuildFile; fileRef = 1B6020CF28A1B26C00AEF47B /* ListWithoutSeparator.swift */; };
		1B68C74D28F48F660098BAA4 /* RecoveryAccountErrorCases.swift in Sources */ = {isa = PBXBuildFile; fileRef = 1B68C74C28F48F660098BAA4 /* RecoveryAccountErrorCases.swift */; };
		1B68C74F28F48F850098BAA4 /* ActiveAlertEnum.swift in Sources */ = {isa = PBXBuildFile; fileRef = 1B68C74E28F48F850098BAA4 /* ActiveAlertEnum.swift */; };
		1B7BF1A528BD61630017EF9C /* Lottie in Frameworks */ = {isa = PBXBuildFile; productRef = 1B7BF1A428BD61630017EF9C /* Lottie */; };
		1B89B3C828D250F10071A339 /* LoginAnimationStart.json in Resources */ = {isa = PBXBuildFile; fileRef = 1B89B3C728D250F10071A339 /* LoginAnimationStart.json */; };
		1B89B3CA28D250FE0071A339 /* LoginAnimationEnd.json in Resources */ = {isa = PBXBuildFile; fileRef = 1B89B3C928D250FE0071A339 /* LoginAnimationEnd.json */; };
		1B8CD3412887F50B00D2F703 /* QuickChallengeViewModel.swift in Sources */ = {isa = PBXBuildFile; fileRef = 1B8CD3402887F50B00D2F703 /* QuickChallengeViewModel.swift */; };
		1B8CD3432887F8CF00D2F703 /* QuickChallenge.swift in Sources */ = {isa = PBXBuildFile; fileRef = 1B8CD3422887F8CF00D2F703 /* QuickChallenge.swift */; };
		1B8CD3452887FA8800D2F703 /* QuickChallengeResponses.swift in Sources */ = {isa = PBXBuildFile; fileRef = 1B8CD3442887FA8800D2F703 /* QuickChallengeResponses.swift */; };
		1B8CD34728887ADE00D2F703 /* QCTypeEnum.swift in Sources */ = {isa = PBXBuildFile; fileRef = 1B8CD34628887ADE00D2F703 /* QCTypeEnum.swift */; };
		1B8CD34928889F1000D2F703 /* Team.swift in Sources */ = {isa = PBXBuildFile; fileRef = 1B8CD34828889F1000D2F703 /* Team.swift */; };
		1B8CD354288A7FF400D2F703 /* EmptyChallengesView.swift in Sources */ = {isa = PBXBuildFile; fileRef = 1B8CD353288A7FF400D2F703 /* EmptyChallengesView.swift */; };
		1B8FB39D286F6EEF00B9F868 /* Tokens.swift in Sources */ = {isa = PBXBuildFile; fileRef = 1B8FB39C286F6EEF00B9F868 /* Tokens.swift */; };
		1B9092982878A58B0039EBB7 /* CustomTextFieldView.swift in Sources */ = {isa = PBXBuildFile; fileRef = 1B9092962878A58B0039EBB7 /* CustomTextFieldView.swift */; };
		1B9092992878A58B0039EBB7 /* PrimaryTextFieldStyle.swift in Sources */ = {isa = PBXBuildFile; fileRef = 1B9092972878A58B0039EBB7 /* PrimaryTextFieldStyle.swift */; };
		1B90929C2878A5A40039EBB7 /* ButtonStyles.swift in Sources */ = {isa = PBXBuildFile; fileRef = 1B90929A2878A5A40039EBB7 /* ButtonStyles.swift */; };
		1B90929D2878A5A40039EBB7 /* ButtonComponent.swift in Sources */ = {isa = PBXBuildFile; fileRef = 1B90929B2878A5A40039EBB7 /* ButtonComponent.swift */; };
		1B9092A42878AD320039EBB7 /* UserViewModel.swift in Sources */ = {isa = PBXBuildFile; fileRef = 1B9092A32878AD320039EBB7 /* UserViewModel.swift */; };
		1B9092A72878AD740039EBB7 /* User.swift in Sources */ = {isa = PBXBuildFile; fileRef = 1B9092A62878AD740039EBB7 /* User.swift */; };
		1B9092A92878DB7C0039EBB7 /* UserLoginResponse.swift in Sources */ = {isa = PBXBuildFile; fileRef = 1B9092A82878DB7C0039EBB7 /* UserLoginResponse.swift */; };
		1BC4CFD928EF598F0039A230 /* AuthTokenService.swift in Sources */ = {isa = PBXBuildFile; fileRef = 1BC4CFD828EF598F0039A230 /* AuthTokenService.swift */; };
		1BC4CFDB28EF5A9E0039A230 /* Data+Extensions.swift in Sources */ = {isa = PBXBuildFile; fileRef = 1BC4CFDA28EF5A9E0039A230 /* Data+Extensions.swift */; };
		1BC4CFDD28EF5AB10039A230 /* String+Extensions.swift in Sources */ = {isa = PBXBuildFile; fileRef = 1BC4CFDC28EF5AB10039A230 /* String+Extensions.swift */; };
		1BC813882907263C00F95614 /* JoinChallengeAlertCasesEnum.swift in Sources */ = {isa = PBXBuildFile; fileRef = 1BC813872907263C00F95614 /* JoinChallengeAlertCasesEnum.swift */; };
		1BCC6F6728F88A85002447D0 /* InputConfirmationCodeView.swift in Sources */ = {isa = PBXBuildFile; fileRef = 1BCC6F6628F88A85002447D0 /* InputConfirmationCodeView.swift */; };
		484F33E628F0A1FB005A8563 /* SoundPlayer.swift in Sources */ = {isa = PBXBuildFile; fileRef = 484F33E528F0A1FB005A8563 /* SoundPlayer.swift */; };
		488919F828F8A93000958743 /* HapticsController.swift in Sources */ = {isa = PBXBuildFile; fileRef = 488919F728F8A93000958743 /* HapticsController.swift */; };
		488919FA28F8AF0200958743 /* SettingsView.swift in Sources */ = {isa = PBXBuildFile; fileRef = 488919F928F8AF0200958743 /* SettingsView.swift */; };
		489B528E28A575A400ADAF49 /* OngoingScreen.swift in Sources */ = {isa = PBXBuildFile; fileRef = 489B528D28A575A400ADAF49 /* OngoingScreen.swift */; };
		48D6EDCA28A2D48D0069FCE9 /* ScoreController3-4Component.swift in Sources */ = {isa = PBXBuildFile; fileRef = 48D6EDC928A2D48D0069FCE9 /* ScoreController3-4Component.swift */; };
		62A9849B28D210C200AE77B5 /* success-loop.json in Resources */ = {isa = PBXBuildFile; fileRef = 62A9849A28D210C200AE77B5 /* success-loop.json */; };
		62A9849D28D2150D00AE77B5 /* sad.json in Resources */ = {isa = PBXBuildFile; fileRef = 62A9849C28D2150D00AE77B5 /* sad.json */; };
		62A9849F28D2216700AE77B5 /* tonto2.json in Resources */ = {isa = PBXBuildFile; fileRef = 62A9849E28D2216600AE77B5 /* tonto2.json */; };
		62B2943A28D4EF5100E69F69 /* Localizable.strings in Resources */ = {isa = PBXBuildFile; fileRef = 62B2943C28D4EF5100E69F69 /* Localizable.strings */; };
		CC0D240228F4B8B500C51505 /* OngoingWithPause.swift in Sources */ = {isa = PBXBuildFile; fileRef = CC0D240128F4B8B500C51505 /* OngoingWithPause.swift */; };
		CC3AB9D828B95BB1006C0507 /* DetailsAlertCases.swift in Sources */ = {isa = PBXBuildFile; fileRef = CC3AB9D728B95BB1006C0507 /* DetailsAlertCases.swift */; };
		CC3AB9DA28BE8EE0006C0507 /* LoginAlertCases.swift in Sources */ = {isa = PBXBuildFile; fileRef = CC3AB9D928BE8EE0006C0507 /* LoginAlertCases.swift */; };
		CC3AB9E028C1433E006C0507 /* ScrollingModifier.swift in Sources */ = {isa = PBXBuildFile; fileRef = CC3AB9DF28C1433E006C0507 /* ScrollingModifier.swift */; };
		CC4FEDE928A1922900E53C39 /* DuelScoreStyle.swift in Sources */ = {isa = PBXBuildFile; fileRef = CC4FEDE828A1922900E53C39 /* DuelScoreStyle.swift */; };
		CC4FEDED28A1925800E53C39 /* DuelScoreComponent.swift in Sources */ = {isa = PBXBuildFile; fileRef = CC4FEDEC28A1925800E53C39 /* DuelScoreComponent.swift */; };
		CC5E0B3428D4A3F2001FE6FB /* CardCategoryStyles.swift in Sources */ = {isa = PBXBuildFile; fileRef = CC5E0B3328D4A3F2001FE6FB /* CardCategoryStyles.swift */; };
		CC91C91328A2F99D00044EA7 /* ElementsStyles.swift in Sources */ = {isa = PBXBuildFile; fileRef = CC91C91228A2F99D00044EA7 /* ElementsStyles.swift */; };
		CCA22155289C5589006AA03F /* ChallengeDetailsView.swift in Sources */ = {isa = PBXBuildFile; fileRef = CCFA55A828888A7F00740663 /* ChallengeDetailsView.swift */; };
		CCA3C24928760002007F6597 /* CheckboxComponent.swift in Sources */ = {isa = PBXBuildFile; fileRef = CCA3C24828760002007F6597 /* CheckboxComponent.swift */; };
		CCA3C24D28774FF3007F6597 /* CheckboxStyles.swift in Sources */ = {isa = PBXBuildFile; fileRef = CCA3C24C28774FF3007F6597 /* CheckboxStyles.swift */; };
		CCBAEBDC28A55126005D0FFC /* PauseScreen.swift in Sources */ = {isa = PBXBuildFile; fileRef = CCBAEBDB28A55126005D0FFC /* PauseScreen.swift */; };
		CCC64BA5287F3A1D00E59260 /* TermsOfUseSheetView.swift in Sources */ = {isa = PBXBuildFile; fileRef = CCC64BA4287F3A1D00E59260 /* TermsOfUseSheetView.swift */; };
		CCE03FE7290072780038737A /* OnlineOrOfflineView.swift in Sources */ = {isa = PBXBuildFile; fileRef = CCE03FE6290072780038737A /* OnlineOrOfflineView.swift */; };
		CCE03FE92900728A0038737A /* CreationSmallCardView.swift in Sources */ = {isa = PBXBuildFile; fileRef = CCE03FE82900728A0038737A /* CreationSmallCardView.swift */; };
		CCE03FEB290073510038737A /* CreationSmallCardStyles.swift in Sources */ = {isa = PBXBuildFile; fileRef = CCE03FEA290073510038737A /* CreationSmallCardStyles.swift */; };
		CCE03FEF29032FE80038737A /* InviteChallengerView.swift in Sources */ = {isa = PBXBuildFile; fileRef = CCE03FEE29032FE80038737A /* InviteChallengerView.swift */; };
		CCE03FED290318280038737A /* EnterWithCodeView.swift in Sources */ = {isa = PBXBuildFile; fileRef = CCE03FEC290318280038737A /* EnterWithCodeView.swift */; };
		CCFA559628872D1B00740663 /* QuantityTimeComponent.swift in Sources */ = {isa = PBXBuildFile; fileRef = CCFA559528872D1B00740663 /* QuantityTimeComponent.swift */; };
		CCFA559828872D2E00740663 /* QuantityTimeStyles.swift in Sources */ = {isa = PBXBuildFile; fileRef = CCFA559728872D2E00740663 /* QuantityTimeStyles.swift */; };
		CCFA559A28873BC900740663 /* BestOfComponent.swift in Sources */ = {isa = PBXBuildFile; fileRef = CCFA559928873BC900740663 /* BestOfComponent.swift */; };
		CCFA55A428887EFE00740663 /* ParticipantComponent.swift in Sources */ = {isa = PBXBuildFile; fileRef = CCFA55A328887EFE00740663 /* ParticipantComponent.swift */; };
		CCFA55A628887F2300740663 /* ParticipantStyles.swift in Sources */ = {isa = PBXBuildFile; fileRef = CCFA55A528887F2300740663 /* ParticipantStyles.swift */; };
		CCFA55AB288899F900740663 /* GroupComponent.swift in Sources */ = {isa = PBXBuildFile; fileRef = CCFA55AA288899F900740663 /* GroupComponent.swift */; };
		DF49516928B902650046A2CD /* GIfImage.swift in Sources */ = {isa = PBXBuildFile; fileRef = DF49516828B902650046A2CD /* GIfImage.swift */; };
		DF7226F728C13EE400237621 /* quantity2.json in Resources */ = {isa = PBXBuildFile; fileRef = DF7226F628C13EE400237621 /* quantity2.json */; };
		DF73C75828BF85B60079DBB0 /* Haptics.swift in Sources */ = {isa = PBXBuildFile; fileRef = DF73C75728BF85B60079DBB0 /* Haptics.swift */; };
		DF73C75A28BF97F80079DBB0 /* LottieView.swift in Sources */ = {isa = PBXBuildFile; fileRef = DF73C75928BF97F80079DBB0 /* LottieView.swift */; };
		DF73C75D28BF9C760079DBB0 /* loading.json in Resources */ = {isa = PBXBuildFile; fileRef = DF73C75C28BF9C760079DBB0 /* loading.json */; };
		DF73C76528BFC84F0079DBB0 /* quantity.json in Resources */ = {isa = PBXBuildFile; fileRef = DF73C76428BFC84F0079DBB0 /* quantity.json */; };
		DF73C76928BFD7780079DBB0 /* tonto.json in Resources */ = {isa = PBXBuildFile; fileRef = DF73C76828BFD7780079DBB0 /* tonto.json */; };
		DF7DCDB128AEB65000B387BA /* Profile Picture Component.swift in Sources */ = {isa = PBXBuildFile; fileRef = DF7DCDB028AEB65000B387BA /* Profile Picture Component.swift */; };
		DF7DCDB328AEB9F400B387BA /* ProfileView.swift in Sources */ = {isa = PBXBuildFile; fileRef = DF7DCDB228AEB9F400B387BA /* ProfileView.swift */; };
		DF7DCDB528AEC17B00B387BA /* TabBar.swift in Sources */ = {isa = PBXBuildFile; fileRef = DF7DCDB428AEC17B00B387BA /* TabBar.swift */; };
		DF94518528C2851F00744BAC /* success.gif in Resources */ = {isa = PBXBuildFile; fileRef = DF94518428C2851F00744BAC /* success.gif */; };
		DF94518B28C28F7000744BAC /* success.json in Resources */ = {isa = PBXBuildFile; fileRef = DF94518A28C28F7000744BAC /* success.json */; };
		DF94A38E28C2236F003B47B8 /* WinScreen.swift in Sources */ = {isa = PBXBuildFile; fileRef = DF94A38D28C2236F003B47B8 /* WinScreen.swift */; };
		DF94A39028C22381003B47B8 /* winAnimation.json in Resources */ = {isa = PBXBuildFile; fileRef = DF94A38F28C22381003B47B8 /* winAnimation.json */; };
		DF96CC6C28C7CABE00D17B37 /* Superline-Italic.ttf in Resources */ = {isa = PBXBuildFile; fileRef = DF96CC6B28C7CABE00D17B37 /* Superline-Italic.ttf */; };
		DFAF4EDF28D243150022A731 /* ChallengeListCell.swift in Sources */ = {isa = PBXBuildFile; fileRef = DFAF4EDE28D243150022A731 /* ChallengeListCell.swift */; };
		DFD4FED128B9113000169C20 /* tonto.gif in Resources */ = {isa = PBXBuildFile; fileRef = DFD4FED028B9113000169C20 /* tonto.gif */; };
		DFD4FED328B92DD700169C20 /* quantity.gif in Resources */ = {isa = PBXBuildFile; fileRef = DFD4FED228B92DD700169C20 /* quantity.gif */; };
		DFF31A0828C7D7EC002EFD9D /* OnboardingCard.swift in Sources */ = {isa = PBXBuildFile; fileRef = DFF31A0628C7D7EC002EFD9D /* OnboardingCard.swift */; };
		DFF31A0928C7D7EC002EFD9D /* Onboarding.swift in Sources */ = {isa = PBXBuildFile; fileRef = DFF31A0728C7D7EC002EFD9D /* Onboarding.swift */; };
		F8320F72290717D400FED9AF /* ParticipantsList.swift in Sources */ = {isa = PBXBuildFile; fileRef = F8320F70290717D400FED9AF /* ParticipantsList.swift */; };
		F8320F73290717D400FED9AF /* OnlineChallengeDetailsView.swift in Sources */ = {isa = PBXBuildFile; fileRef = F8320F71290717D400FED9AF /* OnlineChallengeDetailsView.swift */; };
		F834EEBE28F09D6800D44C49 /* RecoverPasswordEmailStepView.swift in Sources */ = {isa = PBXBuildFile; fileRef = F834EEBD28F09D6800D44C49 /* RecoverPasswordEmailStepView.swift */; };
		F85EE0182881D30700264114 /* RoundScoreStyle.swift in Sources */ = {isa = PBXBuildFile; fileRef = F85EE0172881D30700264114 /* RoundScoreStyle.swift */; };
		F85EE01A2881D73C00264114 /* RoundScoreComponent.swift in Sources */ = {isa = PBXBuildFile; fileRef = F85EE0192881D73C00264114 /* RoundScoreComponent.swift */; };
		F888EC01287600C300445FED /* AlertStyles.swift in Sources */ = {isa = PBXBuildFile; fileRef = F888EC00287600C300445FED /* AlertStyles.swift */; };
		F888EC032876010200445FED /* AlertComponent.swift in Sources */ = {isa = PBXBuildFile; fileRef = F888EC022876010200445FED /* AlertComponent.swift */; };
		F8E7C76C288724750035E2CE /* UXCamSwiftUI in Frameworks */ = {isa = PBXBuildFile; productRef = F8E7C76B288724750035E2CE /* UXCamSwiftUI */; };
		F8E7C76F2887B12E0035E2CE /* ChallengeCellStyle.swift in Sources */ = {isa = PBXBuildFile; fileRef = F8E7C76E2887B12E0035E2CE /* ChallengeCellStyle.swift */; };
		F8E7C7712887B4CD0035E2CE /* ChallengeCellComponent.swift in Sources */ = {isa = PBXBuildFile; fileRef = F8E7C7702887B4CD0035E2CE /* ChallengeCellComponent.swift */; };
/* End PBXBuildFile section */

/* Begin PBXContainerItemProxy section */
		1B4135C628597E8F00C7094A /* PBXContainerItemProxy */ = {
			isa = PBXContainerItemProxy;
			containerPortal = 1B4135AD28597E8900C7094A /* Project object */;
			proxyType = 1;
			remoteGlobalIDString = 1B4135B428597E8900C7094A;
			remoteInfo = Fiero;
		};
		1B4135D028597E8F00C7094A /* PBXContainerItemProxy */ = {
			isa = PBXContainerItemProxy;
			containerPortal = 1B4135AD28597E8900C7094A /* Project object */;
			proxyType = 1;
			remoteGlobalIDString = 1B4135B428597E8900C7094A;
			remoteInfo = Fiero;
		};
/* End PBXContainerItemProxy section */

/* Begin PBXFileReference section */
		1B04557B28DB8937008ABA88 /* quantity-list-cell.json */ = {isa = PBXFileReference; fileEncoding = 4; lastKnownFileType = text.json; path = "quantity-list-cell.json"; sourceTree = "<group>"; };
		1B04557D28DCE835008ABA88 /* blockCategory.json */ = {isa = PBXFileReference; fileEncoding = 4; lastKnownFileType = text.json; path = blockCategory.json; sourceTree = "<group>"; };
		1B0A02812885DEA400C4A421 /* ChallengeCategoryCardView.swift */ = {isa = PBXFileReference; lastKnownFileType = sourcecode.swift; path = ChallengeCategoryCardView.swift; sourceTree = "<group>"; };
		1B0A02842885F03100C4A421 /* QCCategorySelectionView.swift */ = {isa = PBXFileReference; lastKnownFileType = sourcecode.swift; path = QCCategorySelectionView.swift; sourceTree = "<group>"; };
		1B0A028B28871BE700C4A421 /* QCNamingView.swift */ = {isa = PBXFileReference; lastKnownFileType = sourcecode.swift; path = QCNamingView.swift; sourceTree = "<group>"; };
		1B0A0290288724C200C4A421 /* PermanentKeyboard.swift */ = {isa = PBXFileReference; lastKnownFileType = sourcecode.swift; path = PermanentKeyboard.swift; sourceTree = "<group>"; };
		1B0A0292288743C800C4A421 /* QCSelectParticipantsView.swift */ = {isa = PBXFileReference; lastKnownFileType = sourcecode.swift; path = QCSelectParticipantsView.swift; sourceTree = "<group>"; };
		1B0A02972887498B00C4A421 /* CustomProgressBar.swift */ = {isa = PBXFileReference; lastKnownFileType = sourcecode.swift; path = CustomProgressBar.swift; sourceTree = "<group>"; };
		1B0A02992887628400C4A421 /* QCAmountWinRulesView.swift */ = {isa = PBXFileReference; lastKnownFileType = sourcecode.swift; path = QCAmountWinRulesView.swift; sourceTree = "<group>"; };
		1B0A029B2887680000C4A421 /* QCChallengeCreatedView.swift */ = {isa = PBXFileReference; lastKnownFileType = sourcecode.swift; path = QCChallengeCreatedView.swift; sourceTree = "<group>"; };
		1B0A02A02887B2AC00C4A421 /* ChallengeMetricSelectionCardView.swift */ = {isa = PBXFileReference; lastKnownFileType = sourcecode.swift; path = ChallengeMetricSelectionCardView.swift; sourceTree = "<group>"; };
		1B0A02A22887B6BF00C4A421 /* TimeChallengeWinRulesView.swift */ = {isa = PBXFileReference; lastKnownFileType = sourcecode.swift; path = TimeChallengeWinRulesView.swift; sourceTree = "<group>"; };
		1B0A02A42887C8CD00C4A421 /* TimePickerSelectionView.swift */ = {isa = PBXFileReference; lastKnownFileType = sourcecode.swift; path = TimePickerSelectionView.swift; sourceTree = "<group>"; };
		1B0A02A82887CACF00C4A421 /* CustomMultiWheelPicker.swift */ = {isa = PBXFileReference; lastKnownFileType = sourcecode.swift; path = CustomMultiWheelPicker.swift; sourceTree = "<group>"; };
		1B0A02AA2887D8E400C4A421 /* BestOfChallengeWinRulesView.swift */ = {isa = PBXFileReference; lastKnownFileType = sourcecode.swift; path = BestOfChallengeWinRulesView.swift; sourceTree = "<group>"; };
		1B3ED06D287F39DF00E1538B /* URLSession+Extensions.swift */ = {isa = PBXFileReference; lastKnownFileType = sourcecode.swift; path = "URLSession+Extensions.swift"; sourceTree = "<group>"; };
		1B3ED06F287F39EC00E1538B /* HTTPClient.swift */ = {isa = PBXFileReference; lastKnownFileType = sourcecode.swift; path = HTTPClient.swift; sourceTree = "<group>"; };
		1B3ED071287F45DE00E1538B /* UserLoginViewModelTests.swift */ = {isa = PBXFileReference; lastKnownFileType = sourcecode.swift; path = UserLoginViewModelTests.swift; sourceTree = "<group>"; };
		1B3ED07328809A3400E1538B /* UserRegistrationViewModelTests.swift */ = {isa = PBXFileReference; lastKnownFileType = sourcecode.swift; path = UserRegistrationViewModelTests.swift; sourceTree = "<group>"; };
		1B3ED07628809DAF00E1538B /* ServerResponse.swift */ = {isa = PBXFileReference; lastKnownFileType = sourcecode.swift; path = ServerResponse.swift; sourceTree = "<group>"; };
		1B3ED0782880A6DD00E1538B /* MockHTTPClient.swift */ = {isa = PBXFileReference; lastKnownFileType = sourcecode.swift; path = MockHTTPClient.swift; sourceTree = "<group>"; };
		1B3ED07A2881E16600E1538B /* HTTPResult.swift */ = {isa = PBXFileReference; lastKnownFileType = sourcecode.swift; path = HTTPResult.swift; sourceTree = "<group>"; };
		1B3ED07C2881E1A100E1538B /* Publisher+Extensions.swift */ = {isa = PBXFileReference; lastKnownFileType = sourcecode.swift; path = "Publisher+Extensions.swift"; sourceTree = "<group>"; };
		1B4135B528597E8900C7094A /* Fiero.app */ = {isa = PBXFileReference; explicitFileType = wrapper.application; includeInIndex = 0; path = Fiero.app; sourceTree = BUILT_PRODUCTS_DIR; };
		1B4135B828597E8900C7094A /* FieroApp.swift */ = {isa = PBXFileReference; lastKnownFileType = sourcecode.swift; path = FieroApp.swift; sourceTree = "<group>"; };
		1B4135BA28597E8900C7094A /* ContentView.swift */ = {isa = PBXFileReference; lastKnownFileType = sourcecode.swift; path = ContentView.swift; sourceTree = "<group>"; };
		1B4135BC28597E8F00C7094A /* Assets.xcassets */ = {isa = PBXFileReference; lastKnownFileType = folder.assetcatalog; path = Assets.xcassets; sourceTree = "<group>"; };
		1B4135BF28597E8F00C7094A /* Preview Assets.xcassets */ = {isa = PBXFileReference; lastKnownFileType = folder.assetcatalog; path = "Preview Assets.xcassets"; sourceTree = "<group>"; };
		1B4135C528597E8F00C7094A /* FieroTests.xctest */ = {isa = PBXFileReference; explicitFileType = wrapper.cfbundle; includeInIndex = 0; path = FieroTests.xctest; sourceTree = BUILT_PRODUCTS_DIR; };
		1B4135CF28597E8F00C7094A /* FieroUITests.xctest */ = {isa = PBXFileReference; explicitFileType = wrapper.cfbundle; includeInIndex = 0; path = FieroUITests.xctest; sourceTree = BUILT_PRODUCTS_DIR; };
		1B4135D328597E8F00C7094A /* FieroUITests.swift */ = {isa = PBXFileReference; lastKnownFileType = sourcecode.swift; path = FieroUITests.swift; sourceTree = "<group>"; };
		1B4135D528597E8F00C7094A /* FieroUITestsLaunchTests.swift */ = {isa = PBXFileReference; lastKnownFileType = sourcecode.swift; path = FieroUITestsLaunchTests.swift; sourceTree = "<group>"; };
		1B46849628C786BF0041BFED /* UDKeysEnum.swift */ = {isa = PBXFileReference; lastKnownFileType = sourcecode.swift; path = UDKeysEnum.swift; sourceTree = "<group>"; };
		1B56226328E3817400C505DC /* FieroAPI.swift */ = {isa = PBXFileReference; lastKnownFileType = sourcecode.swift; path = FieroAPI.swift; sourceTree = "<group>"; };
		1B5B7CDC2874BF6A00B4628F /* View+Extensions.swift */ = {isa = PBXFileReference; lastKnownFileType = sourcecode.swift; path = "View+Extensions.swift"; sourceTree = "<group>"; };
		1B5B7CE328761F7800B4628F /* TextFieldStyleVariant.swift */ = {isa = PBXFileReference; lastKnownFileType = sourcecode.swift; path = TextFieldStyleVariant.swift; sourceTree = "<group>"; };
		1B5B7CE52877588000B4628F /* AccountLoginView.swift */ = {isa = PBXFileReference; lastKnownFileType = sourcecode.swift; path = AccountLoginView.swift; sourceTree = "<group>"; };
		1B6020BF289C3B4000AEF47B /* CustomTitleImageListRow.swift */ = {isa = PBXFileReference; lastKnownFileType = sourcecode.swift; path = CustomTitleImageListRow.swift; sourceTree = "<group>"; };
		1B6020C528A0B03D00AEF47B /* QuickChallengeViewModelTests.swift */ = {isa = PBXFileReference; lastKnownFileType = sourcecode.swift; path = QuickChallengeViewModelTests.swift; sourceTree = "<group>"; };
		1B6020C728A1940200AEF47B /* Member.swift */ = {isa = PBXFileReference; lastKnownFileType = sourcecode.swift; path = Member.swift; sourceTree = "<group>"; };
		1B6020C928A1AD8300AEF47B /* MockKeyValueStorage.swift */ = {isa = PBXFileReference; lastKnownFileType = sourcecode.swift; path = MockKeyValueStorage.swift; sourceTree = "<group>"; };
		1B6020CD28A1B20B00AEF47B /* ChallengesListScreenView.swift */ = {isa = PBXFileReference; lastKnownFileType = sourcecode.swift; path = ChallengesListScreenView.swift; sourceTree = "<group>"; };
		1B6020CF28A1B26C00AEF47B /* ListWithoutSeparator.swift */ = {isa = PBXFileReference; lastKnownFileType = sourcecode.swift; path = ListWithoutSeparator.swift; sourceTree = "<group>"; };
		1B68C74C28F48F660098BAA4 /* RecoveryAccountErrorCases.swift */ = {isa = PBXFileReference; lastKnownFileType = sourcecode.swift; path = RecoveryAccountErrorCases.swift; sourceTree = "<group>"; };
		1B68C74E28F48F850098BAA4 /* ActiveAlertEnum.swift */ = {isa = PBXFileReference; lastKnownFileType = sourcecode.swift; path = ActiveAlertEnum.swift; sourceTree = "<group>"; };
		1B89B3C728D250F10071A339 /* LoginAnimationStart.json */ = {isa = PBXFileReference; fileEncoding = 4; lastKnownFileType = text.json; path = LoginAnimationStart.json; sourceTree = "<group>"; };
		1B89B3C928D250FE0071A339 /* LoginAnimationEnd.json */ = {isa = PBXFileReference; fileEncoding = 4; lastKnownFileType = text.json; path = LoginAnimationEnd.json; sourceTree = "<group>"; };
		1B8CD3402887F50B00D2F703 /* QuickChallengeViewModel.swift */ = {isa = PBXFileReference; lastKnownFileType = sourcecode.swift; path = QuickChallengeViewModel.swift; sourceTree = "<group>"; };
		1B8CD3422887F8CF00D2F703 /* QuickChallenge.swift */ = {isa = PBXFileReference; lastKnownFileType = sourcecode.swift; path = QuickChallenge.swift; sourceTree = "<group>"; };
		1B8CD3442887FA8800D2F703 /* QuickChallengeResponses.swift */ = {isa = PBXFileReference; lastKnownFileType = sourcecode.swift; path = QuickChallengeResponses.swift; sourceTree = "<group>"; };
		1B8CD34628887ADE00D2F703 /* QCTypeEnum.swift */ = {isa = PBXFileReference; lastKnownFileType = sourcecode.swift; path = QCTypeEnum.swift; sourceTree = "<group>"; };
		1B8CD34828889F1000D2F703 /* Team.swift */ = {isa = PBXFileReference; lastKnownFileType = sourcecode.swift; path = Team.swift; sourceTree = "<group>"; };
		1B8CD353288A7FF400D2F703 /* EmptyChallengesView.swift */ = {isa = PBXFileReference; lastKnownFileType = sourcecode.swift; path = EmptyChallengesView.swift; sourceTree = "<group>"; };
		1B8FB39C286F6EEF00B9F868 /* Tokens.swift */ = {isa = PBXFileReference; lastKnownFileType = sourcecode.swift; path = Tokens.swift; sourceTree = "<group>"; };
		1B9092962878A58B0039EBB7 /* CustomTextFieldView.swift */ = {isa = PBXFileReference; fileEncoding = 4; lastKnownFileType = sourcecode.swift; path = CustomTextFieldView.swift; sourceTree = "<group>"; };
		1B9092972878A58B0039EBB7 /* PrimaryTextFieldStyle.swift */ = {isa = PBXFileReference; fileEncoding = 4; lastKnownFileType = sourcecode.swift; path = PrimaryTextFieldStyle.swift; sourceTree = "<group>"; };
		1B90929A2878A5A40039EBB7 /* ButtonStyles.swift */ = {isa = PBXFileReference; fileEncoding = 4; lastKnownFileType = sourcecode.swift; path = ButtonStyles.swift; sourceTree = "<group>"; };
		1B90929B2878A5A40039EBB7 /* ButtonComponent.swift */ = {isa = PBXFileReference; fileEncoding = 4; lastKnownFileType = sourcecode.swift; path = ButtonComponent.swift; sourceTree = "<group>"; };
		1B9092A32878AD320039EBB7 /* UserViewModel.swift */ = {isa = PBXFileReference; lastKnownFileType = sourcecode.swift; path = UserViewModel.swift; sourceTree = "<group>"; };
		1B9092A62878AD740039EBB7 /* User.swift */ = {isa = PBXFileReference; lastKnownFileType = sourcecode.swift; path = User.swift; sourceTree = "<group>"; };
		1B9092A82878DB7C0039EBB7 /* UserLoginResponse.swift */ = {isa = PBXFileReference; lastKnownFileType = sourcecode.swift; path = UserLoginResponse.swift; sourceTree = "<group>"; };
		1BC4CFD828EF598F0039A230 /* AuthTokenService.swift */ = {isa = PBXFileReference; lastKnownFileType = sourcecode.swift; path = AuthTokenService.swift; sourceTree = "<group>"; };
		1BC4CFDA28EF5A9E0039A230 /* Data+Extensions.swift */ = {isa = PBXFileReference; lastKnownFileType = sourcecode.swift; path = "Data+Extensions.swift"; sourceTree = "<group>"; };
		1BC4CFDC28EF5AB10039A230 /* String+Extensions.swift */ = {isa = PBXFileReference; lastKnownFileType = sourcecode.swift; path = "String+Extensions.swift"; sourceTree = "<group>"; };
		1BC68C55288F32130055135D /* Info.plist */ = {isa = PBXFileReference; lastKnownFileType = text.plist; path = Info.plist; sourceTree = "<group>"; };
		1BC813872907263C00F95614 /* JoinChallengeAlertCasesEnum.swift */ = {isa = PBXFileReference; lastKnownFileType = sourcecode.swift; path = JoinChallengeAlertCasesEnum.swift; sourceTree = "<group>"; };
		1BCC6F6628F88A85002447D0 /* InputConfirmationCodeView.swift */ = {isa = PBXFileReference; fileEncoding = 4; lastKnownFileType = sourcecode.swift; path = InputConfirmationCodeView.swift; sourceTree = "<group>"; };
		484F33E528F0A1FB005A8563 /* SoundPlayer.swift */ = {isa = PBXFileReference; lastKnownFileType = sourcecode.swift; path = SoundPlayer.swift; sourceTree = "<group>"; };
		488919F728F8A93000958743 /* HapticsController.swift */ = {isa = PBXFileReference; fileEncoding = 4; lastKnownFileType = sourcecode.swift; path = HapticsController.swift; sourceTree = "<group>"; };
		488919F928F8AF0200958743 /* SettingsView.swift */ = {isa = PBXFileReference; lastKnownFileType = sourcecode.swift; path = SettingsView.swift; sourceTree = "<group>"; };
		489B528D28A575A400ADAF49 /* OngoingScreen.swift */ = {isa = PBXFileReference; lastKnownFileType = sourcecode.swift; path = OngoingScreen.swift; sourceTree = "<group>"; };
		48D6EDC928A2D48D0069FCE9 /* ScoreController3-4Component.swift */ = {isa = PBXFileReference; lastKnownFileType = sourcecode.swift; path = "ScoreController3-4Component.swift"; sourceTree = "<group>"; };
		62A9849A28D210C200AE77B5 /* success-loop.json */ = {isa = PBXFileReference; fileEncoding = 4; lastKnownFileType = text.json; path = "success-loop.json"; sourceTree = "<group>"; };
		62A9849C28D2150D00AE77B5 /* sad.json */ = {isa = PBXFileReference; fileEncoding = 4; lastKnownFileType = text.json; path = sad.json; sourceTree = "<group>"; };
		62A9849E28D2216600AE77B5 /* tonto2.json */ = {isa = PBXFileReference; fileEncoding = 4; lastKnownFileType = text.json; path = tonto2.json; sourceTree = "<group>"; };
		62B2943B28D4EF5100E69F69 /* pt-BR */ = {isa = PBXFileReference; lastKnownFileType = text.plist.strings; name = "pt-BR"; path = "pt-BR.lproj/Localizable.strings"; sourceTree = "<group>"; };
		62B2943D28D4EF5300E69F69 /* en */ = {isa = PBXFileReference; lastKnownFileType = text.plist.strings; name = en; path = en.lproj/Localizable.strings; sourceTree = "<group>"; };
		CC0D240128F4B8B500C51505 /* OngoingWithPause.swift */ = {isa = PBXFileReference; lastKnownFileType = sourcecode.swift; path = OngoingWithPause.swift; sourceTree = "<group>"; };
		CC3AB9D728B95BB1006C0507 /* DetailsAlertCases.swift */ = {isa = PBXFileReference; lastKnownFileType = sourcecode.swift; path = DetailsAlertCases.swift; sourceTree = "<group>"; };
		CC3AB9D928BE8EE0006C0507 /* LoginAlertCases.swift */ = {isa = PBXFileReference; lastKnownFileType = sourcecode.swift; path = LoginAlertCases.swift; sourceTree = "<group>"; };
		CC3AB9DF28C1433E006C0507 /* ScrollingModifier.swift */ = {isa = PBXFileReference; lastKnownFileType = sourcecode.swift; path = ScrollingModifier.swift; sourceTree = "<group>"; };
		CC4FEDE828A1922900E53C39 /* DuelScoreStyle.swift */ = {isa = PBXFileReference; lastKnownFileType = sourcecode.swift; path = DuelScoreStyle.swift; sourceTree = "<group>"; };
		CC4FEDEC28A1925800E53C39 /* DuelScoreComponent.swift */ = {isa = PBXFileReference; lastKnownFileType = sourcecode.swift; path = DuelScoreComponent.swift; sourceTree = "<group>"; };
		CC5E0B3328D4A3F2001FE6FB /* CardCategoryStyles.swift */ = {isa = PBXFileReference; lastKnownFileType = sourcecode.swift; path = CardCategoryStyles.swift; sourceTree = "<group>"; };
		CC91C91228A2F99D00044EA7 /* ElementsStyles.swift */ = {isa = PBXFileReference; lastKnownFileType = sourcecode.swift; path = ElementsStyles.swift; sourceTree = "<group>"; };
		CCA3C24828760002007F6597 /* CheckboxComponent.swift */ = {isa = PBXFileReference; lastKnownFileType = sourcecode.swift; path = CheckboxComponent.swift; sourceTree = "<group>"; };
		CCA3C24C28774FF3007F6597 /* CheckboxStyles.swift */ = {isa = PBXFileReference; lastKnownFileType = sourcecode.swift; path = CheckboxStyles.swift; sourceTree = "<group>"; };
		CCBAEBDB28A55126005D0FFC /* PauseScreen.swift */ = {isa = PBXFileReference; lastKnownFileType = sourcecode.swift; path = PauseScreen.swift; sourceTree = "<group>"; };
		CCC64BA4287F3A1D00E59260 /* TermsOfUseSheetView.swift */ = {isa = PBXFileReference; lastKnownFileType = sourcecode.swift; path = TermsOfUseSheetView.swift; sourceTree = "<group>"; };
		CCE03FE6290072780038737A /* OnlineOrOfflineView.swift */ = {isa = PBXFileReference; lastKnownFileType = sourcecode.swift; path = OnlineOrOfflineView.swift; sourceTree = "<group>"; };
		CCE03FE82900728A0038737A /* CreationSmallCardView.swift */ = {isa = PBXFileReference; lastKnownFileType = sourcecode.swift; path = CreationSmallCardView.swift; sourceTree = "<group>"; };
		CCE03FEA290073510038737A /* CreationSmallCardStyles.swift */ = {isa = PBXFileReference; lastKnownFileType = sourcecode.swift; path = CreationSmallCardStyles.swift; sourceTree = "<group>"; };
		CCE03FEE29032FE80038737A /* InviteChallengerView.swift */ = {isa = PBXFileReference; lastKnownFileType = sourcecode.swift; path = InviteChallengerView.swift; sourceTree = "<group>"; };
		CCE03FEC290318280038737A /* EnterWithCodeView.swift */ = {isa = PBXFileReference; lastKnownFileType = sourcecode.swift; path = EnterWithCodeView.swift; sourceTree = "<group>"; };
		CCFA559528872D1B00740663 /* QuantityTimeComponent.swift */ = {isa = PBXFileReference; lastKnownFileType = sourcecode.swift; path = QuantityTimeComponent.swift; sourceTree = "<group>"; };
		CCFA559728872D2E00740663 /* QuantityTimeStyles.swift */ = {isa = PBXFileReference; lastKnownFileType = sourcecode.swift; path = QuantityTimeStyles.swift; sourceTree = "<group>"; };
		CCFA559928873BC900740663 /* BestOfComponent.swift */ = {isa = PBXFileReference; lastKnownFileType = sourcecode.swift; path = BestOfComponent.swift; sourceTree = "<group>"; };
		CCFA55A328887EFE00740663 /* ParticipantComponent.swift */ = {isa = PBXFileReference; lastKnownFileType = sourcecode.swift; path = ParticipantComponent.swift; sourceTree = "<group>"; };
		CCFA55A528887F2300740663 /* ParticipantStyles.swift */ = {isa = PBXFileReference; lastKnownFileType = sourcecode.swift; path = ParticipantStyles.swift; sourceTree = "<group>"; };
		CCFA55A828888A7F00740663 /* ChallengeDetailsView.swift */ = {isa = PBXFileReference; lastKnownFileType = sourcecode.swift; path = ChallengeDetailsView.swift; sourceTree = "<group>"; };
		CCFA55AA288899F900740663 /* GroupComponent.swift */ = {isa = PBXFileReference; lastKnownFileType = sourcecode.swift; path = GroupComponent.swift; sourceTree = "<group>"; };
		DF49516828B902650046A2CD /* GIfImage.swift */ = {isa = PBXFileReference; lastKnownFileType = sourcecode.swift; path = GIfImage.swift; sourceTree = "<group>"; };
		DF7226F628C13EE400237621 /* quantity2.json */ = {isa = PBXFileReference; fileEncoding = 4; lastKnownFileType = text.json; path = quantity2.json; sourceTree = "<group>"; };
		DF73C75728BF85B60079DBB0 /* Haptics.swift */ = {isa = PBXFileReference; lastKnownFileType = sourcecode.swift; path = Haptics.swift; sourceTree = "<group>"; };
		DF73C75928BF97F80079DBB0 /* LottieView.swift */ = {isa = PBXFileReference; lastKnownFileType = sourcecode.swift; path = LottieView.swift; sourceTree = "<group>"; };
		DF73C75C28BF9C760079DBB0 /* loading.json */ = {isa = PBXFileReference; fileEncoding = 4; lastKnownFileType = text.json; path = loading.json; sourceTree = "<group>"; };
		DF73C76428BFC84F0079DBB0 /* quantity.json */ = {isa = PBXFileReference; fileEncoding = 4; lastKnownFileType = text.json; path = quantity.json; sourceTree = "<group>"; };
		DF73C76828BFD7780079DBB0 /* tonto.json */ = {isa = PBXFileReference; fileEncoding = 4; lastKnownFileType = text.json; path = tonto.json; sourceTree = "<group>"; };
		DF7DCDB028AEB65000B387BA /* Profile Picture Component.swift */ = {isa = PBXFileReference; lastKnownFileType = sourcecode.swift; path = "Profile Picture Component.swift"; sourceTree = "<group>"; };
		DF7DCDB228AEB9F400B387BA /* ProfileView.swift */ = {isa = PBXFileReference; lastKnownFileType = sourcecode.swift; path = ProfileView.swift; sourceTree = "<group>"; };
		DF7DCDB428AEC17B00B387BA /* TabBar.swift */ = {isa = PBXFileReference; lastKnownFileType = sourcecode.swift; path = TabBar.swift; sourceTree = "<group>"; };
		DF94518428C2851F00744BAC /* success.gif */ = {isa = PBXFileReference; lastKnownFileType = image.gif; path = success.gif; sourceTree = "<group>"; };
		DF94518A28C28F7000744BAC /* success.json */ = {isa = PBXFileReference; fileEncoding = 4; lastKnownFileType = text.json; path = success.json; sourceTree = "<group>"; };
		DF94A38D28C2236F003B47B8 /* WinScreen.swift */ = {isa = PBXFileReference; lastKnownFileType = sourcecode.swift; path = WinScreen.swift; sourceTree = "<group>"; };
		DF94A38F28C22381003B47B8 /* winAnimation.json */ = {isa = PBXFileReference; fileEncoding = 4; lastKnownFileType = text.json; path = winAnimation.json; sourceTree = "<group>"; };
		DF96CC6B28C7CABE00D17B37 /* Superline-Italic.ttf */ = {isa = PBXFileReference; lastKnownFileType = file; path = "Superline-Italic.ttf"; sourceTree = "<group>"; };
		DFAF4EDE28D243150022A731 /* ChallengeListCell.swift */ = {isa = PBXFileReference; lastKnownFileType = sourcecode.swift; path = ChallengeListCell.swift; sourceTree = "<group>"; };
		DFD4FED028B9113000169C20 /* tonto.gif */ = {isa = PBXFileReference; lastKnownFileType = image.gif; path = tonto.gif; sourceTree = "<group>"; };
		DFD4FED228B92DD700169C20 /* quantity.gif */ = {isa = PBXFileReference; lastKnownFileType = image.gif; path = quantity.gif; sourceTree = "<group>"; };
		DFF31A0628C7D7EC002EFD9D /* OnboardingCard.swift */ = {isa = PBXFileReference; fileEncoding = 4; lastKnownFileType = sourcecode.swift; path = OnboardingCard.swift; sourceTree = "<group>"; };
		DFF31A0728C7D7EC002EFD9D /* Onboarding.swift */ = {isa = PBXFileReference; fileEncoding = 4; lastKnownFileType = sourcecode.swift; path = Onboarding.swift; sourceTree = "<group>"; };
		F8320F70290717D400FED9AF /* ParticipantsList.swift */ = {isa = PBXFileReference; fileEncoding = 4; lastKnownFileType = sourcecode.swift; path = ParticipantsList.swift; sourceTree = "<group>"; };
		F8320F71290717D400FED9AF /* OnlineChallengeDetailsView.swift */ = {isa = PBXFileReference; fileEncoding = 4; lastKnownFileType = sourcecode.swift; path = OnlineChallengeDetailsView.swift; sourceTree = "<group>"; };
		F834EEBD28F09D6800D44C49 /* RecoverPasswordEmailStepView.swift */ = {isa = PBXFileReference; lastKnownFileType = sourcecode.swift; path = RecoverPasswordEmailStepView.swift; sourceTree = "<group>"; };
		F85EE0172881D30700264114 /* RoundScoreStyle.swift */ = {isa = PBXFileReference; lastKnownFileType = sourcecode.swift; path = RoundScoreStyle.swift; sourceTree = "<group>"; };
		F85EE0192881D73C00264114 /* RoundScoreComponent.swift */ = {isa = PBXFileReference; lastKnownFileType = sourcecode.swift; path = RoundScoreComponent.swift; sourceTree = "<group>"; };
		F888EC00287600C300445FED /* AlertStyles.swift */ = {isa = PBXFileReference; lastKnownFileType = sourcecode.swift; path = AlertStyles.swift; sourceTree = "<group>"; };
		F888EC022876010200445FED /* AlertComponent.swift */ = {isa = PBXFileReference; lastKnownFileType = sourcecode.swift; path = AlertComponent.swift; sourceTree = "<group>"; };
		F8E7C76E2887B12E0035E2CE /* ChallengeCellStyle.swift */ = {isa = PBXFileReference; lastKnownFileType = sourcecode.swift; path = ChallengeCellStyle.swift; sourceTree = "<group>"; };
		F8E7C7702887B4CD0035E2CE /* ChallengeCellComponent.swift */ = {isa = PBXFileReference; lastKnownFileType = sourcecode.swift; path = ChallengeCellComponent.swift; sourceTree = "<group>"; };
/* End PBXFileReference section */

/* Begin PBXFrameworksBuildPhase section */
		1B4135B228597E8900C7094A /* Frameworks */ = {
			isa = PBXFrameworksBuildPhase;
			buildActionMask = 2147483647;
			files = (
				F8E7C76C288724750035E2CE /* UXCamSwiftUI in Frameworks */,
				1B7BF1A528BD61630017EF9C /* Lottie in Frameworks */,
			);
			runOnlyForDeploymentPostprocessing = 0;
		};
		1B4135C228597E8F00C7094A /* Frameworks */ = {
			isa = PBXFrameworksBuildPhase;
			buildActionMask = 2147483647;
			files = (
			);
			runOnlyForDeploymentPostprocessing = 0;
		};
		1B4135CC28597E8F00C7094A /* Frameworks */ = {
			isa = PBXFrameworksBuildPhase;
			buildActionMask = 2147483647;
			files = (
			);
			runOnlyForDeploymentPostprocessing = 0;
		};
/* End PBXFrameworksBuildPhase section */

/* Begin PBXGroup section */
		1B0A027F2885DBE400C4A421 /* Challenges */ = {
			isa = PBXGroup;
			children = (
				1B6020CD28A1B20B00AEF47B /* ChallengesListScreenView.swift */,
				1B8CD353288A7FF400D2F703 /* EmptyChallengesView.swift */,
				CCE03FEC290318280038737A /* EnterWithCodeView.swift */,
				1B0A02802885DBE900C4A421 /* Quick */,
				1BC68C56289806850055135D /* WIP */,
			);
			path = Challenges;
			sourceTree = "<group>";
		};
		1B0A02802885DBE900C4A421 /* Quick */ = {
			isa = PBXGroup;
			children = (
				CCE03FE5290072360038737A /* OnlineOrOfflineView */,
				CC3AB9DF28C1433E006C0507 /* ScrollingModifier.swift */,
				1B0A028B28871BE700C4A421 /* QCNamingView.swift */,
				1B0A029B2887680000C4A421 /* QCChallengeCreatedView.swift */,
				1B0A02842885F03100C4A421 /* QCCategorySelectionView.swift */,
				1B0A0292288743C800C4A421 /* QCSelectParticipantsView.swift */,
				CCFA55A728888A6500740663 /* Details */,
				CCA2215728A18E09006AA03F /* Ongoing */,
				1B0A029D2887AC3B00C4A421 /* Amount */,
			);
			path = Quick;
			sourceTree = "<group>";
		};
		1B0A02832885EAF200C4A421 /* Card */ = {
			isa = PBXGroup;
			children = (
				CC5E0B3528D4B96E001FE6FB /* CategoryView */,
				1B0A02A02887B2AC00C4A421 /* ChallengeMetricSelectionCardView.swift */,
			);
			path = Card;
			sourceTree = "<group>";
		};
		1B0A02962887497400C4A421 /* ProgressBar */ = {
			isa = PBXGroup;
			children = (
				1B0A02972887498B00C4A421 /* CustomProgressBar.swift */,
			);
			path = ProgressBar;
			sourceTree = "<group>";
		};
		1B0A029D2887AC3B00C4A421 /* Amount */ = {
			isa = PBXGroup;
			children = (
				1B0A02992887628400C4A421 /* QCAmountWinRulesView.swift */,
			);
			path = Amount;
			sourceTree = "<group>";
		};
		1B0A029E2887AC4A00C4A421 /* Time */ = {
			isa = PBXGroup;
			children = (
				1B0A02A22887B6BF00C4A421 /* TimeChallengeWinRulesView.swift */,
				1B0A02A42887C8CD00C4A421 /* TimePickerSelectionView.swift */,
			);
			path = Time;
			sourceTree = "<group>";
		};
		1B0A029F2887ACD400C4A421 /* BestOf */ = {
			isa = PBXGroup;
			children = (
				1B0A02AA2887D8E400C4A421 /* BestOfChallengeWinRulesView.swift */,
			);
			path = BestOf;
			sourceTree = "<group>";
		};
		1B0A02A62887CAAF00C4A421 /* Picker */ = {
			isa = PBXGroup;
			children = (
				1B0A02A82887CACF00C4A421 /* CustomMultiWheelPicker.swift */,
			);
			path = Picker;
			sourceTree = "<group>";
		};
		1B3ED07528809D8100E1538B /* Enums */ = {
			isa = PBXGroup;
			children = (
				1B56226328E3817400C505DC /* FieroAPI.swift */,
				1B3ED07A2881E16600E1538B /* HTTPResult.swift */,
				1B3ED07628809DAF00E1538B /* ServerResponse.swift */,
				1B8CD34628887ADE00D2F703 /* QCTypeEnum.swift */,
				1B46849628C786BF0041BFED /* UDKeysEnum.swift */,
				1B68C74C28F48F660098BAA4 /* RecoveryAccountErrorCases.swift */,
				1B68C74E28F48F850098BAA4 /* ActiveAlertEnum.swift */,
				1BC813872907263C00F95614 /* JoinChallengeAlertCasesEnum.swift */,
			);
			path = Enums;
			sourceTree = "<group>";
		};
		1B4135AC28597E8900C7094A = {
			isa = PBXGroup;
			children = (
				62B2943C28D4EF5100E69F69 /* Localizable.strings */,
				DFD4FED028B9113000169C20 /* tonto.gif */,
				DFD4FED228B92DD700169C20 /* quantity.gif */,
				1B4135B728597E8900C7094A /* Fiero */,
				1B4135C828597E8F00C7094A /* FieroTests */,
				1B4135D228597E8F00C7094A /* FieroUITests */,
				1B4135B628597E8900C7094A /* Products */,
			);
			sourceTree = "<group>";
		};
		1B4135B628597E8900C7094A /* Products */ = {
			isa = PBXGroup;
			children = (
				1B4135B528597E8900C7094A /* Fiero.app */,
				1B4135C528597E8F00C7094A /* FieroTests.xctest */,
				1B4135CF28597E8F00C7094A /* FieroUITests.xctest */,
			);
			name = Products;
			sourceTree = "<group>";
		};
		1B4135B728597E8900C7094A /* Fiero */ = {
			isa = PBXGroup;
			children = (
				484F33E428F0A129005A8563 /* Players */,
				DF96CC6A28C7CAA300D17B37 /* Fonts */,
				1BC68C55288F32130055135D /* Info.plist */,
				1B90929F2878ACE50039EBB7 /* App */,
				1B8FB399286F6E7600B9F868 /* Views */,
				1B9092A02878ACF10039EBB7 /* ViewModel */,
				1B9092A52878AD580039EBB7 /* Model */,
				1B90929E2878ACDA0039EBB7 /* Assets */,
				1B5B7CDB2874BF4F00B4628F /* Extensions */,
				1B4135BE28597E8F00C7094A /* Preview Content */,
				DF73C75928BF97F80079DBB0 /* LottieView.swift */,
				DF73C75B28BF9B4A0079DBB0 /* Lottie */,
			);
			path = Fiero;
			sourceTree = "<group>";
		};
		1B4135BE28597E8F00C7094A /* Preview Content */ = {
			isa = PBXGroup;
			children = (
				1B4135BF28597E8F00C7094A /* Preview Assets.xcassets */,
			);
			path = "Preview Content";
			sourceTree = "<group>";
		};
		1B4135C828597E8F00C7094A /* FieroTests */ = {
			isa = PBXGroup;
			children = (
				1B6020CC28A1B19300AEF47B /* Challenges */,
				1B9658202881EE3300B774CB /* Login+Registration */,
				1B3ED0782880A6DD00E1538B /* MockHTTPClient.swift */,
			);
			path = FieroTests;
			sourceTree = "<group>";
		};
		1B4135D228597E8F00C7094A /* FieroUITests */ = {
			isa = PBXGroup;
			children = (
				1B4135D328597E8F00C7094A /* FieroUITests.swift */,
				1B4135D528597E8F00C7094A /* FieroUITestsLaunchTests.swift */,
			);
			path = FieroUITests;
			sourceTree = "<group>";
		};
		1B5B7CDB2874BF4F00B4628F /* Extensions */ = {
			isa = PBXGroup;
			children = (
				1B3ED07528809D8100E1538B /* Enums */,
				1B5B7CDC2874BF6A00B4628F /* View+Extensions.swift */,
				1B3ED06D287F39DF00E1538B /* URLSession+Extensions.swift */,
				1B3ED07C2881E1A100E1538B /* Publisher+Extensions.swift */,
				1BC4CFDA28EF5A9E0039A230 /* Data+Extensions.swift */,
				1BC4CFDC28EF5AB10039A230 /* String+Extensions.swift */,
			);
			path = Extensions;
			sourceTree = "<group>";
		};
		1B5B7CE228761F2B00B4628F /* Enums */ = {
			isa = PBXGroup;
			children = (
				1B5B7CE328761F7800B4628F /* TextFieldStyleVariant.swift */,
			);
			path = Enums;
			sourceTree = "<group>";
		};
		1B5B7CE7287782AF00B4628F /* TextFields */ = {
			isa = PBXGroup;
			children = (
				1B9092972878A58B0039EBB7 /* PrimaryTextFieldStyle.swift */,
				1B9092962878A58B0039EBB7 /* CustomTextFieldView.swift */,
				1B0A0290288724C200C4A421 /* PermanentKeyboard.swift */,
			);
			path = TextFields;
			sourceTree = "<group>";
		};
		1B5B7CE8287782ED00B4628F /* Login */ = {
			isa = PBXGroup;
			children = (
				F834EEBC28F09D1B00D44C49 /* Recover Password */,
				DFF31A0528C7D7E1002EFD9D /* Onboarding */,
				1B5B7CE52877588000B4628F /* AccountLoginView.swift */,
				CCC64BA4287F3A1D00E59260 /* TermsOfUseSheetView.swift */,
				CC3AB9D928BE8EE0006C0507 /* LoginAlertCases.swift */,
			);
			path = Login;
			sourceTree = "<group>";
		};
		1B6020CC28A1B19300AEF47B /* Challenges */ = {
			isa = PBXGroup;
			children = (
				1B6020C528A0B03D00AEF47B /* QuickChallengeViewModelTests.swift */,
			);
			path = Challenges;
			sourceTree = "<group>";
		};
		1B68C75028F48FB20098BAA4 /* Protocols */ = {
			isa = PBXGroup;
			children = (
				1B3ED06F287F39EC00E1538B /* HTTPClient.swift */,
			);
			name = Protocols;
			sourceTree = "<group>";
		};
		1B8FB399286F6E7600B9F868 /* Views */ = {
			isa = PBXGroup;
			children = (
				1B4135BA28597E8900C7094A /* ContentView.swift */,
				DF7DCDB428AEC17B00B387BA /* TabBar.swift */,
				1B0A027F2885DBE400C4A421 /* Challenges */,
				1B5B7CE8287782ED00B4628F /* Login */,
				DF91AD1928AFA81E00854686 /* Profile */,
				1B8FB39E286F6EF300B9F868 /* DesignSystem */,
			);
			path = Views;
			sourceTree = "<group>";
		};
		1B8FB39B286F6E8700B9F868 /* Components */ = {
			isa = PBXGroup;
			children = (
				DF7DCDAF28AEB63500B387BA /* ProfilePictureComponent */,
				CC4FEDE628A191D100E53C39 /* ScoreControllers */,
				1B0A02A62887CAAF00C4A421 /* Picker */,
				1B0A02962887497400C4A421 /* ProgressBar */,
				1B0A02832885EAF200C4A421 /* Card */,
				CCFA55A228887EB400740663 /* Scoreboard */,
				F85EE0162881D2DF00264114 /* List */,
				F888EBFF2876003B00445FED /* Alert */,
				CCA3C2462875FFD0007F6597 /* Button */,
				CCA3C2472875FFE6007F6597 /* Checkbox */,
				1B5B7CE7287782AF00B4628F /* TextFields */,
			);
			path = Components;
			sourceTree = "<group>";
		};
		1B8FB39E286F6EF300B9F868 /* DesignSystem */ = {
			isa = PBXGroup;
			children = (
				1B8FB39C286F6EEF00B9F868 /* Tokens.swift */,
				1B8FB39B286F6E8700B9F868 /* Components */,
				1B5B7CE228761F2B00B4628F /* Enums */,
			);
			path = DesignSystem;
			sourceTree = "<group>";
		};
		1B90929E2878ACDA0039EBB7 /* Assets */ = {
			isa = PBXGroup;
			children = (
				DF49516828B902650046A2CD /* GIfImage.swift */,
				DF94518428C2851F00744BAC /* success.gif */,
				1B4135BC28597E8F00C7094A /* Assets.xcassets */,
			);
			path = Assets;
			sourceTree = "<group>";
		};
		1B90929F2878ACE50039EBB7 /* App */ = {
			isa = PBXGroup;
			children = (
				1B4135B828597E8900C7094A /* FieroApp.swift */,
			);
			path = App;
			sourceTree = "<group>";
		};
		1B9092A02878ACF10039EBB7 /* ViewModel */ = {
			isa = PBXGroup;
			children = (
				1B8CD3402887F50B00D2F703 /* QuickChallengeViewModel.swift */,
				1B9092A32878AD320039EBB7 /* UserViewModel.swift */,
			);
			path = ViewModel;
			sourceTree = "<group>";
		};
		1B9092A52878AD580039EBB7 /* Model */ = {
			isa = PBXGroup;
			children = (
				1B68C75028F48FB20098BAA4 /* Protocols */,
				1B9092A62878AD740039EBB7 /* User.swift */,
				1B9092A82878DB7C0039EBB7 /* UserLoginResponse.swift */,
				1B8CD3422887F8CF00D2F703 /* QuickChallenge.swift */,
				1B8CD3442887FA8800D2F703 /* QuickChallengeResponses.swift */,
				1B8CD34828889F1000D2F703 /* Team.swift */,
				1B6020C728A1940200AEF47B /* Member.swift */,
				1BC4CFD828EF598F0039A230 /* AuthTokenService.swift */,
				DF73C75728BF85B60079DBB0 /* Haptics.swift */,
			);
			name = Model;
			sourceTree = "<group>";
		};
		1B9658202881EE3300B774CB /* Login+Registration */ = {
			isa = PBXGroup;
			children = (
				1B3ED071287F45DE00E1538B /* UserLoginViewModelTests.swift */,
				1B3ED07328809A3400E1538B /* UserRegistrationViewModelTests.swift */,
				1B6020C928A1AD8300AEF47B /* MockKeyValueStorage.swift */,
			);
			path = "Login+Registration";
			sourceTree = "<group>";
		};
		1BC68C56289806850055135D /* WIP */ = {
			isa = PBXGroup;
			children = (
				1B0A029E2887AC4A00C4A421 /* Time */,
				1B0A029F2887ACD400C4A421 /* BestOf */,
			);
			path = WIP;
			sourceTree = "<group>";
		};
		484F33E428F0A129005A8563 /* Players */ = {
			isa = PBXGroup;
			children = (
				488919F728F8A93000958743 /* HapticsController.swift */,
				484F33E528F0A1FB005A8563 /* SoundPlayer.swift */,
			);
			path = Players;
			sourceTree = "<group>";
		};
		48D6EDC828A2D3A30069FCE9 /* ScoreController3-4 */ = {
			isa = PBXGroup;
			children = (
				48D6EDC928A2D48D0069FCE9 /* ScoreController3-4Component.swift */,
			);
			path = "ScoreController3-4";
			sourceTree = "<group>";
		};
		CC4FEDE628A191D100E53C39 /* ScoreControllers */ = {
			isa = PBXGroup;
			children = (
				48D6EDC828A2D3A30069FCE9 /* ScoreController3-4 */,
				CC4FEDE728A191F700E53C39 /* Duel */,
			);
			path = ScoreControllers;
			sourceTree = "<group>";
		};
		CC4FEDE728A191F700E53C39 /* Duel */ = {
			isa = PBXGroup;
			children = (
				CC4FEDE828A1922900E53C39 /* DuelScoreStyle.swift */,
				CC4FEDEC28A1925800E53C39 /* DuelScoreComponent.swift */,
			);
			path = Duel;
			sourceTree = "<group>";
		};
		CC5E0B3528D4B96E001FE6FB /* CategoryView */ = {
			isa = PBXGroup;
			children = (
				CC5E0B3328D4A3F2001FE6FB /* CardCategoryStyles.swift */,
				1B0A02812885DEA400C4A421 /* ChallengeCategoryCardView.swift */,
			);
			path = CategoryView;
			sourceTree = "<group>";
		};
		CC91C91428A2FABD00044EA7 /* Styles */ = {
			isa = PBXGroup;
			children = (
				CC91C91228A2F99D00044EA7 /* ElementsStyles.swift */,
				CCFA55A528887F2300740663 /* ParticipantStyles.swift */,
			);
			path = Styles;
			sourceTree = "<group>";
		};
		CC91C91528A2FAC700044EA7 /* Components */ = {
			isa = PBXGroup;
			children = (
				CCFA55AA288899F900740663 /* GroupComponent.swift */,
				CCFA55A328887EFE00740663 /* ParticipantComponent.swift */,
			);
			path = Components;
			sourceTree = "<group>";
		};
		CCA2215728A18E09006AA03F /* Ongoing */ = {
			isa = PBXGroup;
			children = (
				CCBAEBDB28A55126005D0FFC /* PauseScreen.swift */,
				489B528D28A575A400ADAF49 /* OngoingScreen.swift */,
				DF94A38D28C2236F003B47B8 /* WinScreen.swift */,
				CC0D240128F4B8B500C51505 /* OngoingWithPause.swift */,
			);
			path = Ongoing;
			sourceTree = "<group>";
		};
		CCA3C2462875FFD0007F6597 /* Button */ = {
			isa = PBXGroup;
			children = (
				1B90929B2878A5A40039EBB7 /* ButtonComponent.swift */,
				1B90929A2878A5A40039EBB7 /* ButtonStyles.swift */,
			);
			path = Button;
			sourceTree = "<group>";
		};
		CCA3C2472875FFE6007F6597 /* Checkbox */ = {
			isa = PBXGroup;
			children = (
				CCA3C24828760002007F6597 /* CheckboxComponent.swift */,
				CCA3C24C28774FF3007F6597 /* CheckboxStyles.swift */,
			);
			path = Checkbox;
			sourceTree = "<group>";
		};
		CCE03FE5290072360038737A /* OnlineOrOfflineView */ = {
			isa = PBXGroup;
			children = (
				CCE03FE6290072780038737A /* OnlineOrOfflineView.swift */,
				CCE03FE82900728A0038737A /* CreationSmallCardView.swift */,
				CCE03FEA290073510038737A /* CreationSmallCardStyles.swift */,
			);
			path = OnlineOrOfflineView;
			sourceTree = "<group>";
		};
		CCFA559228872CDF00740663 /* ChallengeTypes */ = {
			isa = PBXGroup;
			children = (
				CCFA559528872D1B00740663 /* QuantityTimeComponent.swift */,
				CCFA559728872D2E00740663 /* QuantityTimeStyles.swift */,
				CCFA559928873BC900740663 /* BestOfComponent.swift */,
			);
			path = ChallengeTypes;
			sourceTree = "<group>";
		};
		CCFA55A228887EB400740663 /* Scoreboard */ = {
			isa = PBXGroup;
			children = (
				CC91C91528A2FAC700044EA7 /* Components */,
				CC91C91428A2FABD00044EA7 /* Styles */,
			);
			path = Scoreboard;
			sourceTree = "<group>";
		};
		CCFA55A728888A6500740663 /* Details */ = {
			isa = PBXGroup;
			children = (
				F8320F6F290717D400FED9AF /* OnlineDetails */,
				CCFA55A828888A7F00740663 /* ChallengeDetailsView.swift */,
				CC3AB9D728B95BB1006C0507 /* DetailsAlertCases.swift */,
				DFAF4EDE28D243150022A731 /* ChallengeListCell.swift */,
				CCE03FEE29032FE80038737A /* InviteChallengerView.swift */,
			);
			path = Details;
			sourceTree = "<group>";
		};
		DF73C75B28BF9B4A0079DBB0 /* Lottie */ = {
			isa = PBXGroup;
			children = (
				62A9849E28D2216600AE77B5 /* tonto2.json */,
				62A9849C28D2150D00AE77B5 /* sad.json */,
				62A9849A28D210C200AE77B5 /* success-loop.json */,
				1B89B3C928D250FE0071A339 /* LoginAnimationEnd.json */,
				1B89B3C728D250F10071A339 /* LoginAnimationStart.json */,
				DF94518A28C28F7000744BAC /* success.json */,
				DF94A38F28C22381003B47B8 /* winAnimation.json */,
				1B04557D28DCE835008ABA88 /* blockCategory.json */,
				DF7226F628C13EE400237621 /* quantity2.json */,
				DF73C76828BFD7780079DBB0 /* tonto.json */,
				DF73C76428BFC84F0079DBB0 /* quantity.json */,
				1B04557B28DB8937008ABA88 /* quantity-list-cell.json */,
				DF73C75C28BF9C760079DBB0 /* loading.json */,
			);
			path = Lottie;
			sourceTree = "<group>";
		};
		DF7DCDAF28AEB63500B387BA /* ProfilePictureComponent */ = {
			isa = PBXGroup;
			children = (
				DF7DCDB028AEB65000B387BA /* Profile Picture Component.swift */,
			);
			path = ProfilePictureComponent;
			sourceTree = "<group>";
		};
		DF91AD1928AFA81E00854686 /* Profile */ = {
			isa = PBXGroup;
			children = (
				DF7DCDB228AEB9F400B387BA /* ProfileView.swift */,
				488919F928F8AF0200958743 /* SettingsView.swift */,
			);
			path = Profile;
			sourceTree = "<group>";
		};
		DF96CC6A28C7CAA300D17B37 /* Fonts */ = {
			isa = PBXGroup;
			children = (
				DF96CC6B28C7CABE00D17B37 /* Superline-Italic.ttf */,
			);
			path = Fonts;
			sourceTree = "<group>";
		};
		DFF31A0528C7D7E1002EFD9D /* Onboarding */ = {
			isa = PBXGroup;
			children = (
				DFF31A0728C7D7EC002EFD9D /* Onboarding.swift */,
				DFF31A0628C7D7EC002EFD9D /* OnboardingCard.swift */,
			);
			path = Onboarding;
			sourceTree = "<group>";
		};
		F8320F6F290717D400FED9AF /* OnlineDetails */ = {
			isa = PBXGroup;
			children = (
				F8320F70290717D400FED9AF /* ParticipantsList.swift */,
				F8320F71290717D400FED9AF /* OnlineChallengeDetailsView.swift */,
			);
			path = OnlineDetails;
			sourceTree = "<group>";
		};
		F834EEBC28F09D1B00D44C49 /* Recover Password */ = {
			isa = PBXGroup;
			children = (
				1BCC6F6628F88A85002447D0 /* InputConfirmationCodeView.swift */,
				F834EEBD28F09D6800D44C49 /* RecoverPasswordEmailStepView.swift */,
			);
			path = "Recover Password";
			sourceTree = "<group>";
		};
		F85EE0162881D2DF00264114 /* List */ = {
			isa = PBXGroup;
			children = (
				1B6020CF28A1B26C00AEF47B /* ListWithoutSeparator.swift */,
				F8E7C76D2887B10C0035E2CE /* ChallengeCell */,
				CCFA559228872CDF00740663 /* ChallengeTypes */,
				F85EE01B2881F9FD00264114 /* RoundScore */,
			);
			path = List;
			sourceTree = "<group>";
		};
		F85EE01B2881F9FD00264114 /* RoundScore */ = {
			isa = PBXGroup;
			children = (
				F85EE0172881D30700264114 /* RoundScoreStyle.swift */,
				F85EE0192881D73C00264114 /* RoundScoreComponent.swift */,
			);
			path = RoundScore;
			sourceTree = "<group>";
		};
		F888EBFF2876003B00445FED /* Alert */ = {
			isa = PBXGroup;
			children = (
				F888EC00287600C300445FED /* AlertStyles.swift */,
				F888EC022876010200445FED /* AlertComponent.swift */,
			);
			path = Alert;
			sourceTree = "<group>";
		};
		F8E7C76D2887B10C0035E2CE /* ChallengeCell */ = {
			isa = PBXGroup;
			children = (
				F8E7C76E2887B12E0035E2CE /* ChallengeCellStyle.swift */,
				F8E7C7702887B4CD0035E2CE /* ChallengeCellComponent.swift */,
				1B6020BF289C3B4000AEF47B /* CustomTitleImageListRow.swift */,
			);
			path = ChallengeCell;
			sourceTree = "<group>";
		};
/* End PBXGroup section */

/* Begin PBXNativeTarget section */
		1B4135B428597E8900C7094A /* Fiero */ = {
			isa = PBXNativeTarget;
			buildConfigurationList = 1B4135D928597E8F00C7094A /* Build configuration list for PBXNativeTarget "Fiero" */;
			buildPhases = (
				1B4135B128597E8900C7094A /* Sources */,
				1B4135B228597E8900C7094A /* Frameworks */,
				1B4135B328597E8900C7094A /* Resources */,
			);
			buildRules = (
			);
			dependencies = (
			);
			name = Fiero;
			packageProductDependencies = (
				F8E7C76B288724750035E2CE /* UXCamSwiftUI */,
				1B7BF1A428BD61630017EF9C /* Lottie */,
			);
			productName = Fiero;
			productReference = 1B4135B528597E8900C7094A /* Fiero.app */;
			productType = "com.apple.product-type.application";
		};
		1B4135C428597E8F00C7094A /* FieroTests */ = {
			isa = PBXNativeTarget;
			buildConfigurationList = 1B4135DC28597E8F00C7094A /* Build configuration list for PBXNativeTarget "FieroTests" */;
			buildPhases = (
				1B4135C128597E8F00C7094A /* Sources */,
				1B4135C228597E8F00C7094A /* Frameworks */,
				1B4135C328597E8F00C7094A /* Resources */,
			);
			buildRules = (
			);
			dependencies = (
				1B4135C728597E8F00C7094A /* PBXTargetDependency */,
			);
			name = FieroTests;
			productName = FieroTests;
			productReference = 1B4135C528597E8F00C7094A /* FieroTests.xctest */;
			productType = "com.apple.product-type.bundle.unit-test";
		};
		1B4135CE28597E8F00C7094A /* FieroUITests */ = {
			isa = PBXNativeTarget;
			buildConfigurationList = 1B4135DF28597E8F00C7094A /* Build configuration list for PBXNativeTarget "FieroUITests" */;
			buildPhases = (
				1B4135CB28597E8F00C7094A /* Sources */,
				1B4135CC28597E8F00C7094A /* Frameworks */,
				1B4135CD28597E8F00C7094A /* Resources */,
			);
			buildRules = (
			);
			dependencies = (
				1B4135D128597E8F00C7094A /* PBXTargetDependency */,
			);
			name = FieroUITests;
			productName = FieroUITests;
			productReference = 1B4135CF28597E8F00C7094A /* FieroUITests.xctest */;
			productType = "com.apple.product-type.bundle.ui-testing";
		};
/* End PBXNativeTarget section */

/* Begin PBXProject section */
		1B4135AD28597E8900C7094A /* Project object */ = {
			isa = PBXProject;
			attributes = {
				BuildIndependentTargetsInParallel = 1;
				LastSwiftUpdateCheck = 1340;
				LastUpgradeCheck = 1340;
				TargetAttributes = {
					1B4135B428597E8900C7094A = {
						CreatedOnToolsVersion = 13.4.1;
					};
					1B4135C428597E8F00C7094A = {
						CreatedOnToolsVersion = 13.4.1;
						TestTargetID = 1B4135B428597E8900C7094A;
					};
					1B4135CE28597E8F00C7094A = {
						CreatedOnToolsVersion = 13.4.1;
						TestTargetID = 1B4135B428597E8900C7094A;
					};
				};
			};
			buildConfigurationList = 1B4135B028597E8900C7094A /* Build configuration list for PBXProject "Fiero" */;
			compatibilityVersion = "Xcode 14.0";
			developmentRegion = "pt-BR";
			hasScannedForEncodings = 0;
			knownRegions = (
				"pt-BR",
				en,
				Base,
			);
			mainGroup = 1B4135AC28597E8900C7094A;
			packageReferences = (
				F8E7C76A288724750035E2CE /* XCRemoteSwiftPackageReference "ios-swiftui" */,
				1B7BF1A328BD61630017EF9C /* XCRemoteSwiftPackageReference "lottie-ios" */,
			);
			productRefGroup = 1B4135B628597E8900C7094A /* Products */;
			projectDirPath = "";
			projectRoot = "";
			targets = (
				1B4135B428597E8900C7094A /* Fiero */,
				1B4135C428597E8F00C7094A /* FieroTests */,
				1B4135CE28597E8F00C7094A /* FieroUITests */,
			);
		};
/* End PBXProject section */

/* Begin PBXResourcesBuildPhase section */
		1B4135B328597E8900C7094A /* Resources */ = {
			isa = PBXResourcesBuildPhase;
			buildActionMask = 2147483647;
			files = (
				62A9849B28D210C200AE77B5 /* success-loop.json in Resources */,
				DF7226F728C13EE400237621 /* quantity2.json in Resources */,
				62A9849F28D2216700AE77B5 /* tonto2.json in Resources */,
				DF73C75D28BF9C760079DBB0 /* loading.json in Resources */,
				1B89B3C828D250F10071A339 /* LoginAnimationStart.json in Resources */,
				62B2943A28D4EF5100E69F69 /* Localizable.strings in Resources */,
				1B4135C028597E8F00C7094A /* Preview Assets.xcassets in Resources */,
				DFD4FED128B9113000169C20 /* tonto.gif in Resources */,
				DF96CC6C28C7CABE00D17B37 /* Superline-Italic.ttf in Resources */,
				DF94518528C2851F00744BAC /* success.gif in Resources */,
				1B04557E28DCE835008ABA88 /* blockCategory.json in Resources */,
				1B4135BD28597E8F00C7094A /* Assets.xcassets in Resources */,
				1B04557C28DB8938008ABA88 /* quantity-list-cell.json in Resources */,
				62A9849D28D2150D00AE77B5 /* sad.json in Resources */,
				DF73C76928BFD7780079DBB0 /* tonto.json in Resources */,
				DF73C76528BFC84F0079DBB0 /* quantity.json in Resources */,
				DFD4FED328B92DD700169C20 /* quantity.gif in Resources */,
				DF94A39028C22381003B47B8 /* winAnimation.json in Resources */,
				1B89B3CA28D250FE0071A339 /* LoginAnimationEnd.json in Resources */,
				DF94518B28C28F7000744BAC /* success.json in Resources */,
			);
			runOnlyForDeploymentPostprocessing = 0;
		};
		1B4135C328597E8F00C7094A /* Resources */ = {
			isa = PBXResourcesBuildPhase;
			buildActionMask = 2147483647;
			files = (
			);
			runOnlyForDeploymentPostprocessing = 0;
		};
		1B4135CD28597E8F00C7094A /* Resources */ = {
			isa = PBXResourcesBuildPhase;
			buildActionMask = 2147483647;
			files = (
			);
			runOnlyForDeploymentPostprocessing = 0;
		};
/* End PBXResourcesBuildPhase section */

/* Begin PBXSourcesBuildPhase section */
		1B4135B128597E8900C7094A /* Sources */ = {
			isa = PBXSourcesBuildPhase;
			buildActionMask = 2147483647;
			files = (
				1B6020D028A1B26C00AEF47B /* ListWithoutSeparator.swift in Sources */,
				DFAF4EDF28D243150022A731 /* ChallengeListCell.swift in Sources */,
				1B6020CE28A1B20B00AEF47B /* ChallengesListScreenView.swift in Sources */,
				1B3ED06E287F39DF00E1538B /* URLSession+Extensions.swift in Sources */,
				484F33E628F0A1FB005A8563 /* SoundPlayer.swift in Sources */,
				1B0A0293288743C800C4A421 /* QCSelectParticipantsView.swift in Sources */,
				1B0A029C2887680000C4A421 /* QCChallengeCreatedView.swift in Sources */,
				1B0A02A12887B2AC00C4A421 /* ChallengeMetricSelectionCardView.swift in Sources */,
				1BCC6F6728F88A85002447D0 /* InputConfirmationCodeView.swift in Sources */,
				1B6020C828A1940200AEF47B /* Member.swift in Sources */,
				CCA3C24928760002007F6597 /* CheckboxComponent.swift in Sources */,
				1B90929D2878A5A40039EBB7 /* ButtonComponent.swift in Sources */,
				F85EE0182881D30700264114 /* RoundScoreStyle.swift in Sources */,
				CCFA559A28873BC900740663 /* BestOfComponent.swift in Sources */,
				CCA3C24D28774FF3007F6597 /* CheckboxStyles.swift in Sources */,
				DF7DCDB328AEB9F400B387BA /* ProfileView.swift in Sources */,
				F888EC032876010200445FED /* AlertComponent.swift in Sources */,
				1BC813882907263C00F95614 /* JoinChallengeAlertCasesEnum.swift in Sources */,
				1B0A02822885DEA400C4A421 /* ChallengeCategoryCardView.swift in Sources */,
				1B9092982878A58B0039EBB7 /* CustomTextFieldView.swift in Sources */,
				CCE03FED290318280038737A /* EnterWithCodeView.swift in Sources */,
				CC3AB9DA28BE8EE0006C0507 /* LoginAlertCases.swift in Sources */,
				F888EC01287600C300445FED /* AlertStyles.swift in Sources */,
				1B0A029A2887628400C4A421 /* QCAmountWinRulesView.swift in Sources */,
				F85EE01A2881D73C00264114 /* RoundScoreComponent.swift in Sources */,
				48D6EDCA28A2D48D0069FCE9 /* ScoreController3-4Component.swift in Sources */,
				1B4135BB28597E8900C7094A /* ContentView.swift in Sources */,
				1B6020C0289C3B4000AEF47B /* CustomTitleImageListRow.swift in Sources */,
				CCFA559828872D2E00740663 /* QuantityTimeStyles.swift in Sources */,
				DF49516928B902650046A2CD /* GIfImage.swift in Sources */,
				1B8CD3412887F50B00D2F703 /* QuickChallengeViewModel.swift in Sources */,
				1B0A02A92887CACF00C4A421 /* CustomMultiWheelPicker.swift in Sources */,
				F8E7C7712887B4CD0035E2CE /* ChallengeCellComponent.swift in Sources */,
				1B3ED07B2881E16700E1538B /* HTTPResult.swift in Sources */,
				1B9092A42878AD320039EBB7 /* UserViewModel.swift in Sources */,
				DF73C75828BF85B60079DBB0 /* Haptics.swift in Sources */,
				1B0A0291288724C200C4A421 /* PermanentKeyboard.swift in Sources */,
				1B0A028C28871BE700C4A421 /* QCNamingView.swift in Sources */,
				CCC64BA5287F3A1D00E59260 /* TermsOfUseSheetView.swift in Sources */,
				1B0A02A52887C8CD00C4A421 /* TimePickerSelectionView.swift in Sources */,
				1B56226428E3817400C505DC /* FieroAPI.swift in Sources */,
				F8320F73290717D400FED9AF /* OnlineChallengeDetailsView.swift in Sources */,
				DF73C75A28BF97F80079DBB0 /* LottieView.swift in Sources */,
				1B8CD3452887FA8800D2F703 /* QuickChallengeResponses.swift in Sources */,
				CCE03FE92900728A0038737A /* CreationSmallCardView.swift in Sources */,
				1B0A02852885F03100C4A421 /* QCCategorySelectionView.swift in Sources */,
				1BC4CFD928EF598F0039A230 /* AuthTokenService.swift in Sources */,
				CCE03FE7290072780038737A /* OnlineOrOfflineView.swift in Sources */,
				CCFA55A628887F2300740663 /* ParticipantStyles.swift in Sources */,
				F834EEBE28F09D6800D44C49 /* RecoverPasswordEmailStepView.swift in Sources */,
				DF7DCDB128AEB65000B387BA /* Profile Picture Component.swift in Sources */,
				1B68C74D28F48F660098BAA4 /* RecoveryAccountErrorCases.swift in Sources */,
				488919F828F8A93000958743 /* HapticsController.swift in Sources */,
				CC3AB9E028C1433E006C0507 /* ScrollingModifier.swift in Sources */,
				F8E7C76F2887B12E0035E2CE /* ChallengeCellStyle.swift in Sources */,
				CC3AB9D828B95BB1006C0507 /* DetailsAlertCases.swift in Sources */,
				DF7DCDB528AEC17B00B387BA /* TabBar.swift in Sources */,
				CCA22155289C5589006AA03F /* ChallengeDetailsView.swift in Sources */,
				1B4135B928597E8900C7094A /* FieroApp.swift in Sources */,
				1B8CD3432887F8CF00D2F703 /* QuickChallenge.swift in Sources */,
				CCE03FEF29032FE80038737A /* InviteChallengerView.swift in Sources */,
				1B8CD34728887ADE00D2F703 /* QCTypeEnum.swift in Sources */,
				CC4FEDE928A1922900E53C39 /* DuelScoreStyle.swift in Sources */,
				1B5B7CDD2874BF6A00B4628F /* View+Extensions.swift in Sources */,
				CC5E0B3428D4A3F2001FE6FB /* CardCategoryStyles.swift in Sources */,
				1B9092992878A58B0039EBB7 /* PrimaryTextFieldStyle.swift in Sources */,
				1B0A02A32887B6BF00C4A421 /* TimeChallengeWinRulesView.swift in Sources */,
				1B8FB39D286F6EEF00B9F868 /* Tokens.swift in Sources */,
				CC4FEDED28A1925800E53C39 /* DuelScoreComponent.swift in Sources */,
				1B68C74F28F48F850098BAA4 /* ActiveAlertEnum.swift in Sources */,
				1B46849728C786BF0041BFED /* UDKeysEnum.swift in Sources */,
				1B9092A92878DB7C0039EBB7 /* UserLoginResponse.swift in Sources */,
				1B5B7CE62877588000B4628F /* AccountLoginView.swift in Sources */,
				1B9092A72878AD740039EBB7 /* User.swift in Sources */,
				1B0A02AB2887D8E400C4A421 /* BestOfChallengeWinRulesView.swift in Sources */,
				F8320F72290717D400FED9AF /* ParticipantsList.swift in Sources */,
				1B8CD34928889F1000D2F703 /* Team.swift in Sources */,
				1B0A02982887498B00C4A421 /* CustomProgressBar.swift in Sources */,
				CCFA55A428887EFE00740663 /* ParticipantComponent.swift in Sources */,
				1B3ED070287F39EC00E1538B /* HTTPClient.swift in Sources */,
				1B8CD354288A7FF400D2F703 /* EmptyChallengesView.swift in Sources */,
				489B528E28A575A400ADAF49 /* OngoingScreen.swift in Sources */,
				DF94A38E28C2236F003B47B8 /* WinScreen.swift in Sources */,
				488919FA28F8AF0200958743 /* SettingsView.swift in Sources */,
				1B90929C2878A5A40039EBB7 /* ButtonStyles.swift in Sources */,
				CCFA559628872D1B00740663 /* QuantityTimeComponent.swift in Sources */,
				CC0D240228F4B8B500C51505 /* OngoingWithPause.swift in Sources */,
				CCE03FEB290073510038737A /* CreationSmallCardStyles.swift in Sources */,
				CC91C91328A2F99D00044EA7 /* ElementsStyles.swift in Sources */,
				1B5B7CE428761F7800B4628F /* TextFieldStyleVariant.swift in Sources */,
				1B3ED07D2881E1A100E1538B /* Publisher+Extensions.swift in Sources */,
				1B3ED07728809DAF00E1538B /* ServerResponse.swift in Sources */,
				CCBAEBDC28A55126005D0FFC /* PauseScreen.swift in Sources */,
				1BC4CFDD28EF5AB10039A230 /* String+Extensions.swift in Sources */,
				DFF31A0828C7D7EC002EFD9D /* OnboardingCard.swift in Sources */,
				1BC4CFDB28EF5A9E0039A230 /* Data+Extensions.swift in Sources */,
				DFF31A0928C7D7EC002EFD9D /* Onboarding.swift in Sources */,
				CCFA55AB288899F900740663 /* GroupComponent.swift in Sources */,
			);
			runOnlyForDeploymentPostprocessing = 0;
		};
		1B4135C128597E8F00C7094A /* Sources */ = {
			isa = PBXSourcesBuildPhase;
			buildActionMask = 2147483647;
			files = (
				1B6020C628A0B03D00AEF47B /* QuickChallengeViewModelTests.swift in Sources */,
				1B3ED0792880A6DD00E1538B /* MockHTTPClient.swift in Sources */,
				1B3ED072287F45DE00E1538B /* UserLoginViewModelTests.swift in Sources */,
				1B3ED07428809A3400E1538B /* UserRegistrationViewModelTests.swift in Sources */,
				1B6020CA28A1AD8300AEF47B /* MockKeyValueStorage.swift in Sources */,
			);
			runOnlyForDeploymentPostprocessing = 0;
		};
		1B4135CB28597E8F00C7094A /* Sources */ = {
			isa = PBXSourcesBuildPhase;
			buildActionMask = 2147483647;
			files = (
				1B4135D628597E8F00C7094A /* FieroUITestsLaunchTests.swift in Sources */,
				1B4135D428597E8F00C7094A /* FieroUITests.swift in Sources */,
			);
			runOnlyForDeploymentPostprocessing = 0;
		};
/* End PBXSourcesBuildPhase section */

/* Begin PBXTargetDependency section */
		1B4135C728597E8F00C7094A /* PBXTargetDependency */ = {
			isa = PBXTargetDependency;
			target = 1B4135B428597E8900C7094A /* Fiero */;
			targetProxy = 1B4135C628597E8F00C7094A /* PBXContainerItemProxy */;
		};
		1B4135D128597E8F00C7094A /* PBXTargetDependency */ = {
			isa = PBXTargetDependency;
			target = 1B4135B428597E8900C7094A /* Fiero */;
			targetProxy = 1B4135D028597E8F00C7094A /* PBXContainerItemProxy */;
		};
/* End PBXTargetDependency section */

/* Begin PBXVariantGroup section */
		62B2943C28D4EF5100E69F69 /* Localizable.strings */ = {
			isa = PBXVariantGroup;
			children = (
				62B2943B28D4EF5100E69F69 /* pt-BR */,
				62B2943D28D4EF5300E69F69 /* en */,
			);
			name = Localizable.strings;
			sourceTree = "<group>";
		};
/* End PBXVariantGroup section */

/* Begin XCBuildConfiguration section */
		1B4135D728597E8F00C7094A /* Debug */ = {
			isa = XCBuildConfiguration;
			buildSettings = {
				ALWAYS_SEARCH_USER_PATHS = NO;
				CLANG_ANALYZER_NONNULL = YES;
				CLANG_ANALYZER_NUMBER_OBJECT_CONVERSION = YES_AGGRESSIVE;
				CLANG_CXX_LANGUAGE_STANDARD = "gnu++17";
				CLANG_ENABLE_MODULES = YES;
				CLANG_ENABLE_OBJC_ARC = YES;
				CLANG_ENABLE_OBJC_WEAK = YES;
				CLANG_WARN_BLOCK_CAPTURE_AUTORELEASING = YES;
				CLANG_WARN_BOOL_CONVERSION = YES;
				CLANG_WARN_COMMA = YES;
				CLANG_WARN_CONSTANT_CONVERSION = YES;
				CLANG_WARN_DEPRECATED_OBJC_IMPLEMENTATIONS = YES;
				CLANG_WARN_DIRECT_OBJC_ISA_USAGE = YES_ERROR;
				CLANG_WARN_DOCUMENTATION_COMMENTS = YES;
				CLANG_WARN_EMPTY_BODY = YES;
				CLANG_WARN_ENUM_CONVERSION = YES;
				CLANG_WARN_INFINITE_RECURSION = YES;
				CLANG_WARN_INT_CONVERSION = YES;
				CLANG_WARN_NON_LITERAL_NULL_CONVERSION = YES;
				CLANG_WARN_OBJC_IMPLICIT_RETAIN_SELF = YES;
				CLANG_WARN_OBJC_LITERAL_CONVERSION = YES;
				CLANG_WARN_OBJC_ROOT_CLASS = YES_ERROR;
				CLANG_WARN_QUOTED_INCLUDE_IN_FRAMEWORK_HEADER = YES;
				CLANG_WARN_RANGE_LOOP_ANALYSIS = YES;
				CLANG_WARN_STRICT_PROTOTYPES = YES;
				CLANG_WARN_SUSPICIOUS_MOVE = YES;
				CLANG_WARN_UNGUARDED_AVAILABILITY = YES_AGGRESSIVE;
				CLANG_WARN_UNREACHABLE_CODE = YES;
				CLANG_WARN__DUPLICATE_METHOD_MATCH = YES;
				COPY_PHASE_STRIP = NO;
				DEBUG_INFORMATION_FORMAT = dwarf;
				ENABLE_STRICT_OBJC_MSGSEND = YES;
				ENABLE_TESTABILITY = YES;
				GCC_C_LANGUAGE_STANDARD = gnu11;
				GCC_DYNAMIC_NO_PIC = NO;
				GCC_NO_COMMON_BLOCKS = YES;
				GCC_OPTIMIZATION_LEVEL = 0;
				GCC_PREPROCESSOR_DEFINITIONS = (
					"DEBUG=1",
					"$(inherited)",
				);
				GCC_WARN_64_TO_32_BIT_CONVERSION = YES;
				GCC_WARN_ABOUT_RETURN_TYPE = YES_ERROR;
				GCC_WARN_UNDECLARED_SELECTOR = YES;
				GCC_WARN_UNINITIALIZED_AUTOS = YES_AGGRESSIVE;
				GCC_WARN_UNUSED_FUNCTION = YES;
				GCC_WARN_UNUSED_VARIABLE = YES;
				IPHONEOS_DEPLOYMENT_TARGET = 15.0;
				MTL_ENABLE_DEBUG_INFO = INCLUDE_SOURCE;
				MTL_FAST_MATH = YES;
				ONLY_ACTIVE_ARCH = YES;
				SDKROOT = iphoneos;
				SWIFT_ACTIVE_COMPILATION_CONDITIONS = DEBUG;
				SWIFT_OPTIMIZATION_LEVEL = "-Onone";
			};
			name = Debug;
		};
		1B4135D828597E8F00C7094A /* Release */ = {
			isa = XCBuildConfiguration;
			buildSettings = {
				ALWAYS_SEARCH_USER_PATHS = NO;
				CLANG_ANALYZER_NONNULL = YES;
				CLANG_ANALYZER_NUMBER_OBJECT_CONVERSION = YES_AGGRESSIVE;
				CLANG_CXX_LANGUAGE_STANDARD = "gnu++17";
				CLANG_ENABLE_MODULES = YES;
				CLANG_ENABLE_OBJC_ARC = YES;
				CLANG_ENABLE_OBJC_WEAK = YES;
				CLANG_WARN_BLOCK_CAPTURE_AUTORELEASING = YES;
				CLANG_WARN_BOOL_CONVERSION = YES;
				CLANG_WARN_COMMA = YES;
				CLANG_WARN_CONSTANT_CONVERSION = YES;
				CLANG_WARN_DEPRECATED_OBJC_IMPLEMENTATIONS = YES;
				CLANG_WARN_DIRECT_OBJC_ISA_USAGE = YES_ERROR;
				CLANG_WARN_DOCUMENTATION_COMMENTS = YES;
				CLANG_WARN_EMPTY_BODY = YES;
				CLANG_WARN_ENUM_CONVERSION = YES;
				CLANG_WARN_INFINITE_RECURSION = YES;
				CLANG_WARN_INT_CONVERSION = YES;
				CLANG_WARN_NON_LITERAL_NULL_CONVERSION = YES;
				CLANG_WARN_OBJC_IMPLICIT_RETAIN_SELF = YES;
				CLANG_WARN_OBJC_LITERAL_CONVERSION = YES;
				CLANG_WARN_OBJC_ROOT_CLASS = YES_ERROR;
				CLANG_WARN_QUOTED_INCLUDE_IN_FRAMEWORK_HEADER = YES;
				CLANG_WARN_RANGE_LOOP_ANALYSIS = YES;
				CLANG_WARN_STRICT_PROTOTYPES = YES;
				CLANG_WARN_SUSPICIOUS_MOVE = YES;
				CLANG_WARN_UNGUARDED_AVAILABILITY = YES_AGGRESSIVE;
				CLANG_WARN_UNREACHABLE_CODE = YES;
				CLANG_WARN__DUPLICATE_METHOD_MATCH = YES;
				COPY_PHASE_STRIP = NO;
				DEBUG_INFORMATION_FORMAT = "dwarf-with-dsym";
				ENABLE_NS_ASSERTIONS = NO;
				ENABLE_STRICT_OBJC_MSGSEND = YES;
				GCC_C_LANGUAGE_STANDARD = gnu11;
				GCC_NO_COMMON_BLOCKS = YES;
				GCC_WARN_64_TO_32_BIT_CONVERSION = YES;
				GCC_WARN_ABOUT_RETURN_TYPE = YES_ERROR;
				GCC_WARN_UNDECLARED_SELECTOR = YES;
				GCC_WARN_UNINITIALIZED_AUTOS = YES_AGGRESSIVE;
				GCC_WARN_UNUSED_FUNCTION = YES;
				GCC_WARN_UNUSED_VARIABLE = YES;
				IPHONEOS_DEPLOYMENT_TARGET = 15.0;
				MTL_ENABLE_DEBUG_INFO = NO;
				MTL_FAST_MATH = YES;
				SDKROOT = iphoneos;
				SWIFT_COMPILATION_MODE = wholemodule;
				SWIFT_OPTIMIZATION_LEVEL = "-O";
				VALIDATE_PRODUCT = YES;
			};
			name = Release;
		};
		1B4135DA28597E8F00C7094A /* Debug */ = {
			isa = XCBuildConfiguration;
			buildSettings = {
				ASSETCATALOG_COMPILER_APPICON_NAME = AppIcon;
				ASSETCATALOG_COMPILER_GLOBAL_ACCENT_COLOR_NAME = AccentColor;
				CODE_SIGN_STYLE = Automatic;
				CURRENT_PROJECT_VERSION = 1;
				DEVELOPMENT_ASSET_PATHS = "\"Fiero/Preview Content\"";
				DEVELOPMENT_TEAM = GYMDP69744;
				ENABLE_PREVIEWS = YES;
				GENERATE_INFOPLIST_FILE = YES;
				INFOPLIST_FILE = Fiero/Info.plist;
				INFOPLIST_KEY_UIApplicationSceneManifest_Generation = YES;
				INFOPLIST_KEY_UIApplicationSupportsIndirectInputEvents = YES;
				INFOPLIST_KEY_UILaunchScreen_Generation = YES;
				INFOPLIST_KEY_UISupportedInterfaceOrientations = "";
				INFOPLIST_KEY_UISupportedInterfaceOrientations_iPad = "UIInterfaceOrientationPortrait UIInterfaceOrientationPortraitUpsideDown UIInterfaceOrientationLandscapeLeft UIInterfaceOrientationLandscapeRight";
				INFOPLIST_KEY_UISupportedInterfaceOrientations_iPhone = "UIInterfaceOrientationPortrait UIInterfaceOrientationLandscapeLeft UIInterfaceOrientationLandscapeRight";
				IPHONEOS_DEPLOYMENT_TARGET = 15.0;
				LD_RUNPATH_SEARCH_PATHS = (
					"$(inherited)",
					"@executable_path/Frameworks",
				);
				MARKETING_VERSION = 1.0;
				PRODUCT_BUNDLE_IDENTIFIER = com.pazzi.marina.FieroApp;
				PRODUCT_NAME = "$(TARGET_NAME)";
				SWIFT_EMIT_LOC_STRINGS = YES;
				SWIFT_VERSION = 5.0;
				TARGETED_DEVICE_FAMILY = 1;
			};
			name = Debug;
		};
		1B4135DB28597E8F00C7094A /* Release */ = {
			isa = XCBuildConfiguration;
			buildSettings = {
				ASSETCATALOG_COMPILER_APPICON_NAME = AppIcon;
				ASSETCATALOG_COMPILER_GLOBAL_ACCENT_COLOR_NAME = AccentColor;
				CODE_SIGN_STYLE = Automatic;
				CURRENT_PROJECT_VERSION = 1;
				DEVELOPMENT_ASSET_PATHS = "\"Fiero/Preview Content\"";
				DEVELOPMENT_TEAM = GYMDP69744;
				ENABLE_PREVIEWS = YES;
				GENERATE_INFOPLIST_FILE = YES;
				INFOPLIST_FILE = Fiero/Info.plist;
				INFOPLIST_KEY_UIApplicationSceneManifest_Generation = YES;
				INFOPLIST_KEY_UIApplicationSupportsIndirectInputEvents = YES;
				INFOPLIST_KEY_UILaunchScreen_Generation = YES;
				INFOPLIST_KEY_UISupportedInterfaceOrientations = "";
				INFOPLIST_KEY_UISupportedInterfaceOrientations_iPad = "UIInterfaceOrientationPortrait UIInterfaceOrientationPortraitUpsideDown UIInterfaceOrientationLandscapeLeft UIInterfaceOrientationLandscapeRight";
				INFOPLIST_KEY_UISupportedInterfaceOrientations_iPhone = "UIInterfaceOrientationPortrait UIInterfaceOrientationLandscapeLeft UIInterfaceOrientationLandscapeRight";
				IPHONEOS_DEPLOYMENT_TARGET = 15.0;
				LD_RUNPATH_SEARCH_PATHS = (
					"$(inherited)",
					"@executable_path/Frameworks",
				);
				MARKETING_VERSION = 1.0;
				PRODUCT_BUNDLE_IDENTIFIER = com.pazzi.marina.FieroApp;
				PRODUCT_NAME = "$(TARGET_NAME)";
				SWIFT_EMIT_LOC_STRINGS = YES;
				SWIFT_VERSION = 5.0;
				TARGETED_DEVICE_FAMILY = 1;
			};
			name = Release;
		};
		1B4135DD28597E8F00C7094A /* Debug */ = {
			isa = XCBuildConfiguration;
			buildSettings = {
				ALWAYS_EMBED_SWIFT_STANDARD_LIBRARIES = YES;
				BUNDLE_LOADER = "$(TEST_HOST)";
				CODE_SIGN_STYLE = Automatic;
				CURRENT_PROJECT_VERSION = 1;
				DEVELOPMENT_TEAM = GYMDP69744;
				GENERATE_INFOPLIST_FILE = YES;
				IPHONEOS_DEPLOYMENT_TARGET = 15.0;
				MARKETING_VERSION = 1.0;
				PRODUCT_BUNDLE_IDENTIFIER = com.pazzi.marina.FieroTests;
				PRODUCT_NAME = "$(TARGET_NAME)";
				SWIFT_EMIT_LOC_STRINGS = NO;
				SWIFT_VERSION = 5.0;
				TARGETED_DEVICE_FAMILY = 1;
				TEST_HOST = "$(BUILT_PRODUCTS_DIR)/Fiero.app/Fiero";
			};
			name = Debug;
		};
		1B4135DE28597E8F00C7094A /* Release */ = {
			isa = XCBuildConfiguration;
			buildSettings = {
				ALWAYS_EMBED_SWIFT_STANDARD_LIBRARIES = YES;
				BUNDLE_LOADER = "$(TEST_HOST)";
				CODE_SIGN_STYLE = Automatic;
				CURRENT_PROJECT_VERSION = 1;
				DEVELOPMENT_TEAM = GYMDP69744;
				GENERATE_INFOPLIST_FILE = YES;
				IPHONEOS_DEPLOYMENT_TARGET = 15.0;
				MARKETING_VERSION = 1.0;
				PRODUCT_BUNDLE_IDENTIFIER = com.pazzi.marina.FieroTests;
				PRODUCT_NAME = "$(TARGET_NAME)";
				SWIFT_EMIT_LOC_STRINGS = NO;
				SWIFT_VERSION = 5.0;
				TARGETED_DEVICE_FAMILY = 1;
				TEST_HOST = "$(BUILT_PRODUCTS_DIR)/Fiero.app/Fiero";
			};
			name = Release;
		};
		1B4135E028597E8F00C7094A /* Debug */ = {
			isa = XCBuildConfiguration;
			buildSettings = {
				ALWAYS_EMBED_SWIFT_STANDARD_LIBRARIES = YES;
				CODE_SIGN_STYLE = Automatic;
				CURRENT_PROJECT_VERSION = 1;
				DEVELOPMENT_TEAM = GYMDP69744;
				GENERATE_INFOPLIST_FILE = YES;
				MARKETING_VERSION = 1.0;
				PRODUCT_BUNDLE_IDENTIFIER = com.pazzi.marina.FieroUITests;
				PRODUCT_NAME = "$(TARGET_NAME)";
				SWIFT_EMIT_LOC_STRINGS = NO;
				SWIFT_VERSION = 5.0;
				TARGETED_DEVICE_FAMILY = 1;
				TEST_TARGET_NAME = Fiero;
			};
			name = Debug;
		};
		1B4135E128597E8F00C7094A /* Release */ = {
			isa = XCBuildConfiguration;
			buildSettings = {
				ALWAYS_EMBED_SWIFT_STANDARD_LIBRARIES = YES;
				CODE_SIGN_STYLE = Automatic;
				CURRENT_PROJECT_VERSION = 1;
				DEVELOPMENT_TEAM = GYMDP69744;
				GENERATE_INFOPLIST_FILE = YES;
				MARKETING_VERSION = 1.0;
				PRODUCT_BUNDLE_IDENTIFIER = com.pazzi.marina.FieroUITests;
				PRODUCT_NAME = "$(TARGET_NAME)";
				SWIFT_EMIT_LOC_STRINGS = NO;
				SWIFT_VERSION = 5.0;
				TARGETED_DEVICE_FAMILY = 1;
				TEST_TARGET_NAME = Fiero;
			};
			name = Release;
		};
/* End XCBuildConfiguration section */

/* Begin XCConfigurationList section */
		1B4135B028597E8900C7094A /* Build configuration list for PBXProject "Fiero" */ = {
			isa = XCConfigurationList;
			buildConfigurations = (
				1B4135D728597E8F00C7094A /* Debug */,
				1B4135D828597E8F00C7094A /* Release */,
			);
			defaultConfigurationIsVisible = 0;
			defaultConfigurationName = Release;
		};
		1B4135D928597E8F00C7094A /* Build configuration list for PBXNativeTarget "Fiero" */ = {
			isa = XCConfigurationList;
			buildConfigurations = (
				1B4135DA28597E8F00C7094A /* Debug */,
				1B4135DB28597E8F00C7094A /* Release */,
			);
			defaultConfigurationIsVisible = 0;
			defaultConfigurationName = Release;
		};
		1B4135DC28597E8F00C7094A /* Build configuration list for PBXNativeTarget "FieroTests" */ = {
			isa = XCConfigurationList;
			buildConfigurations = (
				1B4135DD28597E8F00C7094A /* Debug */,
				1B4135DE28597E8F00C7094A /* Release */,
			);
			defaultConfigurationIsVisible = 0;
			defaultConfigurationName = Release;
		};
		1B4135DF28597E8F00C7094A /* Build configuration list for PBXNativeTarget "FieroUITests" */ = {
			isa = XCConfigurationList;
			buildConfigurations = (
				1B4135E028597E8F00C7094A /* Debug */,
				1B4135E128597E8F00C7094A /* Release */,
			);
			defaultConfigurationIsVisible = 0;
			defaultConfigurationName = Release;
		};
/* End XCConfigurationList section */

/* Begin XCRemoteSwiftPackageReference section */
		1B7BF1A328BD61630017EF9C /* XCRemoteSwiftPackageReference "lottie-ios" */ = {
			isa = XCRemoteSwiftPackageReference;
			repositoryURL = "https://github.com/airbnb/lottie-ios.git";
			requirement = {
				kind = upToNextMajorVersion;
				minimumVersion = 3.4.2;
			};
		};
		F8E7C76A288724750035E2CE /* XCRemoteSwiftPackageReference "ios-swiftui" */ = {
			isa = XCRemoteSwiftPackageReference;
			repositoryURL = "https://github.com/uxcam/ios-swiftui";
			requirement = {
				kind = upToNextMajorVersion;
				minimumVersion = 1.0.0;
			};
		};
/* End XCRemoteSwiftPackageReference section */

/* Begin XCSwiftPackageProductDependency section */
		1B7BF1A428BD61630017EF9C /* Lottie */ = {
			isa = XCSwiftPackageProductDependency;
			package = 1B7BF1A328BD61630017EF9C /* XCRemoteSwiftPackageReference "lottie-ios" */;
			productName = Lottie;
		};
		F8E7C76B288724750035E2CE /* UXCamSwiftUI */ = {
			isa = XCSwiftPackageProductDependency;
			package = F8E7C76A288724750035E2CE /* XCRemoteSwiftPackageReference "ios-swiftui" */;
			productName = UXCamSwiftUI;
		};
/* End XCSwiftPackageProductDependency section */
	};
	rootObject = 1B4135AD28597E8900C7094A /* Project object */;
}
