// !$*UTF8*$!
{
	archiveVersion = 1;
	classes = {
	};
	objectVersion = 55;
	objects = {

/* Begin PBXBuildFile section */
		1B4135B928597E8900C7094A /* FieroApp.swift in Sources */ = {isa = PBXBuildFile; fileRef = 1B4135B828597E8900C7094A /* FieroApp.swift */; };
		1B4135BB28597E8900C7094A /* ContentView.swift in Sources */ = {isa = PBXBuildFile; fileRef = 1B4135BA28597E8900C7094A /* ContentView.swift */; };
		1B4135BD28597E8F00C7094A /* Assets.xcassets in Resources */ = {isa = PBXBuildFile; fileRef = 1B4135BC28597E8F00C7094A /* Assets.xcassets */; };
		1B4135C028597E8F00C7094A /* Preview Assets.xcassets in Resources */ = {isa = PBXBuildFile; fileRef = 1B4135BF28597E8F00C7094A /* Preview Assets.xcassets */; };
		1B4135CA28597E8F00C7094A /* FieroTests.swift in Sources */ = {isa = PBXBuildFile; fileRef = 1B4135C928597E8F00C7094A /* FieroTests.swift */; };
		1B4135D428597E8F00C7094A /* FieroUITests.swift in Sources */ = {isa = PBXBuildFile; fileRef = 1B4135D328597E8F00C7094A /* FieroUITests.swift */; };
		1B4135D628597E8F00C7094A /* FieroUITestsLaunchTests.swift in Sources */ = {isa = PBXBuildFile; fileRef = 1B4135D528597E8F00C7094A /* FieroUITestsLaunchTests.swift */; };
		1B5B7CDD2874BF6A00B4628F /* View+Extensions.swift in Sources */ = {isa = PBXBuildFile; fileRef = 1B5B7CDC2874BF6A00B4628F /* View+Extensions.swift */; };
		1B5B7CDF2875FE4300B4628F /* SecurePrimaryTextField.swift in Sources */ = {isa = PBXBuildFile; fileRef = 1B5B7CDE2875FE4300B4628F /* SecurePrimaryTextField.swift */; };
		1B5B7CE12876005C00B4628F /* CustomTextFieldView.swift in Sources */ = {isa = PBXBuildFile; fileRef = 1B5B7CE02876005C00B4628F /* CustomTextFieldView.swift */; };
		1B5B7CE428761F7800B4628F /* TextFieldStyleVariant.swift in Sources */ = {isa = PBXBuildFile; fileRef = 1B5B7CE328761F7800B4628F /* TextFieldStyleVariant.swift */; };
		1B8FB39D286F6EEF00B9F868 /* Tokens.swift in Sources */ = {isa = PBXBuildFile; fileRef = 1B8FB39C286F6EEF00B9F868 /* Tokens.swift */; };
		1BDE554128738CE3004F63DD /* PrimaryTextField.swift in Sources */ = {isa = PBXBuildFile; fileRef = 1BDE554028738CE3004F63DD /* PrimaryTextField.swift */; };
		CCA3C23D287382DD007F6597 /* ButtonComponent.swift in Sources */ = {isa = PBXBuildFile; fileRef = CCA3C23C287382DD007F6597 /* ButtonComponent.swift */; };
		CCA3C2412874847D007F6597 /* ButtonStyles.swift in Sources */ = {isa = PBXBuildFile; fileRef = CCA3C2402874847D007F6597 /* ButtonStyles.swift */; };
		CCA3C24928760002007F6597 /* CheckboxComponent.swift in Sources */ = {isa = PBXBuildFile; fileRef = CCA3C24828760002007F6597 /* CheckboxComponent.swift */; };
		CCA3C24D28774FF3007F6597 /* CheckboxStyles.swift in Sources */ = {isa = PBXBuildFile; fileRef = CCA3C24C28774FF3007F6597 /* CheckboxStyles.swift */; };
		F888EC01287600C300445FED /* AlertStyles.swift in Sources */ = {isa = PBXBuildFile; fileRef = F888EC00287600C300445FED /* AlertStyles.swift */; };
		F888EC032876010200445FED /* AlertComponent.swift in Sources */ = {isa = PBXBuildFile; fileRef = F888EC022876010200445FED /* AlertComponent.swift */; };
		F8E3854A287759FF00A5C69A /* RegistrationScreen.swift in Sources */ = {isa = PBXBuildFile; fileRef = F8E38549287759FF00A5C69A /* RegistrationScreen.swift */; };
/* End PBXBuildFile section */

/* Begin PBXContainerItemProxy section */
		1B4135C628597E8F00C7094A /* PBXContainerItemProxy */ = {
			isa = PBXContainerItemProxy;
			containerPortal = 1B4135AD28597E8900C7094A /* Project object */;
			proxyType = 1;
			remoteGlobalIDString = 1B4135B428597E8900C7094A;
			remoteInfo = Fiero;
		};
		1B4135D028597E8F00C7094A /* PBXContainerItemProxy */ = {
			isa = PBXContainerItemProxy;
			containerPortal = 1B4135AD28597E8900C7094A /* Project object */;
			proxyType = 1;
			remoteGlobalIDString = 1B4135B428597E8900C7094A;
			remoteInfo = Fiero;
		};
/* End PBXContainerItemProxy section */

/* Begin PBXFileReference section */
		1B4135B528597E8900C7094A /* Fiero.app */ = {isa = PBXFileReference; explicitFileType = wrapper.application; includeInIndex = 0; path = Fiero.app; sourceTree = BUILT_PRODUCTS_DIR; };
		1B4135B828597E8900C7094A /* FieroApp.swift */ = {isa = PBXFileReference; lastKnownFileType = sourcecode.swift; path = FieroApp.swift; sourceTree = "<group>"; };
		1B4135BA28597E8900C7094A /* ContentView.swift */ = {isa = PBXFileReference; lastKnownFileType = sourcecode.swift; path = ContentView.swift; sourceTree = "<group>"; };
		1B4135BC28597E8F00C7094A /* Assets.xcassets */ = {isa = PBXFileReference; lastKnownFileType = folder.assetcatalog; path = Assets.xcassets; sourceTree = "<group>"; };
		1B4135BF28597E8F00C7094A /* Preview Assets.xcassets */ = {isa = PBXFileReference; lastKnownFileType = folder.assetcatalog; path = "Preview Assets.xcassets"; sourceTree = "<group>"; };
		1B4135C528597E8F00C7094A /* FieroTests.xctest */ = {isa = PBXFileReference; explicitFileType = wrapper.cfbundle; includeInIndex = 0; path = FieroTests.xctest; sourceTree = BUILT_PRODUCTS_DIR; };
		1B4135C928597E8F00C7094A /* FieroTests.swift */ = {isa = PBXFileReference; lastKnownFileType = sourcecode.swift; path = FieroTests.swift; sourceTree = "<group>"; };
		1B4135CF28597E8F00C7094A /* FieroUITests.xctest */ = {isa = PBXFileReference; explicitFileType = wrapper.cfbundle; includeInIndex = 0; path = FieroUITests.xctest; sourceTree = BUILT_PRODUCTS_DIR; };
		1B4135D328597E8F00C7094A /* FieroUITests.swift */ = {isa = PBXFileReference; lastKnownFileType = sourcecode.swift; path = FieroUITests.swift; sourceTree = "<group>"; };
		1B4135D528597E8F00C7094A /* FieroUITestsLaunchTests.swift */ = {isa = PBXFileReference; lastKnownFileType = sourcecode.swift; path = FieroUITestsLaunchTests.swift; sourceTree = "<group>"; };
		1B5B7CDC2874BF6A00B4628F /* View+Extensions.swift */ = {isa = PBXFileReference; lastKnownFileType = sourcecode.swift; path = "View+Extensions.swift"; sourceTree = "<group>"; };
		1B5B7CDE2875FE4300B4628F /* SecurePrimaryTextField.swift */ = {isa = PBXFileReference; lastKnownFileType = sourcecode.swift; path = SecurePrimaryTextField.swift; sourceTree = "<group>"; };
		1B5B7CE02876005C00B4628F /* CustomTextFieldView.swift */ = {isa = PBXFileReference; lastKnownFileType = sourcecode.swift; path = CustomTextFieldView.swift; sourceTree = "<group>"; };
		1B5B7CE328761F7800B4628F /* TextFieldStyleVariant.swift */ = {isa = PBXFileReference; lastKnownFileType = sourcecode.swift; path = TextFieldStyleVariant.swift; sourceTree = "<group>"; };
		1B8FB39C286F6EEF00B9F868 /* Tokens.swift */ = {isa = PBXFileReference; lastKnownFileType = sourcecode.swift; path = Tokens.swift; sourceTree = "<group>"; };
		1BDE554028738CE3004F63DD /* PrimaryTextField.swift */ = {isa = PBXFileReference; lastKnownFileType = sourcecode.swift; path = PrimaryTextField.swift; sourceTree = "<group>"; };
		CCA3C23C287382DD007F6597 /* ButtonComponent.swift */ = {isa = PBXFileReference; lastKnownFileType = sourcecode.swift; path = ButtonComponent.swift; sourceTree = "<group>"; };
		CCA3C2402874847D007F6597 /* ButtonStyles.swift */ = {isa = PBXFileReference; lastKnownFileType = sourcecode.swift; path = ButtonStyles.swift; sourceTree = "<group>"; };
		CCA3C24828760002007F6597 /* CheckboxComponent.swift */ = {isa = PBXFileReference; lastKnownFileType = sourcecode.swift; path = CheckboxComponent.swift; sourceTree = "<group>"; };
		CCA3C24C28774FF3007F6597 /* CheckboxStyles.swift */ = {isa = PBXFileReference; lastKnownFileType = sourcecode.swift; path = CheckboxStyles.swift; sourceTree = "<group>"; };
		F888EC00287600C300445FED /* AlertStyles.swift */ = {isa = PBXFileReference; lastKnownFileType = sourcecode.swift; path = AlertStyles.swift; sourceTree = "<group>"; };
		F888EC022876010200445FED /* AlertComponent.swift */ = {isa = PBXFileReference; lastKnownFileType = sourcecode.swift; path = AlertComponent.swift; sourceTree = "<group>"; };
		F8E38549287759FF00A5C69A /* RegistrationScreen.swift */ = {isa = PBXFileReference; lastKnownFileType = sourcecode.swift; path = RegistrationScreen.swift; sourceTree = "<group>"; };
/* End PBXFileReference section */

/* Begin PBXFrameworksBuildPhase section */
		1B4135B228597E8900C7094A /* Frameworks */ = {
			isa = PBXFrameworksBuildPhase;
			buildActionMask = 2147483647;
			files = (
			);
			runOnlyForDeploymentPostprocessing = 0;
		};
		1B4135C228597E8F00C7094A /* Frameworks */ = {
			isa = PBXFrameworksBuildPhase;
			buildActionMask = 2147483647;
			files = (
			);
			runOnlyForDeploymentPostprocessing = 0;
		};
		1B4135CC28597E8F00C7094A /* Frameworks */ = {
			isa = PBXFrameworksBuildPhase;
			buildActionMask = 2147483647;
			files = (
			);
			runOnlyForDeploymentPostprocessing = 0;
		};
/* End PBXFrameworksBuildPhase section */

/* Begin PBXGroup section */
		1B4135AC28597E8900C7094A = {
			isa = PBXGroup;
			children = (
				1B4135B728597E8900C7094A /* Fiero */,
				1B4135C828597E8F00C7094A /* FieroTests */,
				1B4135D228597E8F00C7094A /* FieroUITests */,
				1B4135B628597E8900C7094A /* Products */,
			);
			sourceTree = "<group>";
		};
		1B4135B628597E8900C7094A /* Products */ = {
			isa = PBXGroup;
			children = (
				1B4135B528597E8900C7094A /* Fiero.app */,
				1B4135C528597E8F00C7094A /* FieroTests.xctest */,
				1B4135CF28597E8F00C7094A /* FieroUITests.xctest */,
			);
			name = Products;
			sourceTree = "<group>";
		};
		1B4135B728597E8900C7094A /* Fiero */ = {
			isa = PBXGroup;
			children = (
				1B5B7CDB2874BF4F00B4628F /* Extensions */,
				1B8FB399286F6E7600B9F868 /* Views */,
				1B4135B828597E8900C7094A /* FieroApp.swift */,
				1B4135BC28597E8F00C7094A /* Assets.xcassets */,
				1B4135BE28597E8F00C7094A /* Preview Content */,
			);
			path = Fiero;
			sourceTree = "<group>";
		};
		1B4135BE28597E8F00C7094A /* Preview Content */ = {
			isa = PBXGroup;
			children = (
				1B4135BF28597E8F00C7094A /* Preview Assets.xcassets */,
			);
			path = "Preview Content";
			sourceTree = "<group>";
		};
		1B4135C828597E8F00C7094A /* FieroTests */ = {
			isa = PBXGroup;
			children = (
				1B4135C928597E8F00C7094A /* FieroTests.swift */,
			);
			path = FieroTests;
			sourceTree = "<group>";
		};
		1B4135D228597E8F00C7094A /* FieroUITests */ = {
			isa = PBXGroup;
			children = (
				1B4135D328597E8F00C7094A /* FieroUITests.swift */,
				1B4135D528597E8F00C7094A /* FieroUITestsLaunchTests.swift */,
			);
			path = FieroUITests;
			sourceTree = "<group>";
		};
		1B5B7CDB2874BF4F00B4628F /* Extensions */ = {
			isa = PBXGroup;
			children = (
				1B5B7CDC2874BF6A00B4628F /* View+Extensions.swift */,
			);
			path = Extensions;
			sourceTree = "<group>";
		};
		1B5B7CE228761F2B00B4628F /* Enums */ = {
			isa = PBXGroup;
			children = (
				1B5B7CE328761F7800B4628F /* TextFieldStyleVariant.swift */,
			);
			path = Enums;
			sourceTree = "<group>";
		};
		1B8FB399286F6E7600B9F868 /* Views */ = {
			isa = PBXGroup;
			children = (
				1B8FB39E286F6EF300B9F868 /* DesignSystem */,
				1B4135BA28597E8900C7094A /* ContentView.swift */,
				F8E38549287759FF00A5C69A /* RegistrationScreen.swift */,
			);
			path = Views;
			sourceTree = "<group>";
		};
		1B8FB39B286F6E8700B9F868 /* Components */ = {
			isa = PBXGroup;
			children = (
				CCA3C2472875FFE6007F6597 /* Checkbox */,
				CCA3C2462875FFD0007F6597 /* Button */,
				F888EBFF2876003B00445FED /* Alert */,
				1BDE554028738CE3004F63DD /* PrimaryTextField.swift */,
				1B5B7CDE2875FE4300B4628F /* SecurePrimaryTextField.swift */,
				1B5B7CE02876005C00B4628F /* CustomTextFieldView.swift */,
			);
			path = Components;
			sourceTree = "<group>";
		};
		1B8FB39E286F6EF300B9F868 /* DesignSystem */ = {
			isa = PBXGroup;
			children = (
				1B5B7CE228761F2B00B4628F /* Enums */,
				1B8FB39C286F6EEF00B9F868 /* Tokens.swift */,
				1B8FB39B286F6E8700B9F868 /* Components */,
			);
			path = DesignSystem;
			sourceTree = "<group>";
		};
		CCA3C2462875FFD0007F6597 /* Button */ = {
			isa = PBXGroup;
			children = (
				CCA3C23C287382DD007F6597 /* ButtonComponent.swift */,
				CCA3C2402874847D007F6597 /* ButtonStyles.swift */,
			);
			path = Button;
			sourceTree = "<group>";
		};
		CCA3C2472875FFE6007F6597 /* Checkbox */ = {
			isa = PBXGroup;
			children = (
				CCA3C24828760002007F6597 /* CheckboxComponent.swift */,
				CCA3C24C28774FF3007F6597 /* CheckboxStyles.swift */,
			);
			path = Checkbox;
			sourceTree = "<group>";
		};
		F888EBFF2876003B00445FED /* Alert */ = {
			isa = PBXGroup;
			children = (
				F888EC00287600C300445FED /* AlertStyles.swift */,
				F888EC022876010200445FED /* AlertComponent.swift */,
			);
			path = Alert;
			sourceTree = "<group>";
		};
/* End PBXGroup section */

/* Begin PBXNativeTarget section */
		1B4135B428597E8900C7094A /* Fiero */ = {
			isa = PBXNativeTarget;
			buildConfigurationList = 1B4135D928597E8F00C7094A /* Build configuration list for PBXNativeTarget "Fiero" */;
			buildPhases = (
				1B4135B128597E8900C7094A /* Sources */,
				1B4135B228597E8900C7094A /* Frameworks */,
				1B4135B328597E8900C7094A /* Resources */,
			);
			buildRules = (
			);
			dependencies = (
			);
			name = Fiero;
			productName = Fiero;
			productReference = 1B4135B528597E8900C7094A /* Fiero.app */;
			productType = "com.apple.product-type.application";
		};
		1B4135C428597E8F00C7094A /* FieroTests */ = {
			isa = PBXNativeTarget;
			buildConfigurationList = 1B4135DC28597E8F00C7094A /* Build configuration list for PBXNativeTarget "FieroTests" */;
			buildPhases = (
				1B4135C128597E8F00C7094A /* Sources */,
				1B4135C228597E8F00C7094A /* Frameworks */,
				1B4135C328597E8F00C7094A /* Resources */,
			);
			buildRules = (
			);
			dependencies = (
				1B4135C728597E8F00C7094A /* PBXTargetDependency */,
			);
			name = FieroTests;
			productName = FieroTests;
			productReference = 1B4135C528597E8F00C7094A /* FieroTests.xctest */;
			productType = "com.apple.product-type.bundle.unit-test";
		};
		1B4135CE28597E8F00C7094A /* FieroUITests */ = {
			isa = PBXNativeTarget;
			buildConfigurationList = 1B4135DF28597E8F00C7094A /* Build configuration list for PBXNativeTarget "FieroUITests" */;
			buildPhases = (
				1B4135CB28597E8F00C7094A /* Sources */,
				1B4135CC28597E8F00C7094A /* Frameworks */,
				1B4135CD28597E8F00C7094A /* Resources */,
			);
			buildRules = (
			);
			dependencies = (
				1B4135D128597E8F00C7094A /* PBXTargetDependency */,
			);
			name = FieroUITests;
			productName = FieroUITests;
			productReference = 1B4135CF28597E8F00C7094A /* FieroUITests.xctest */;
			productType = "com.apple.product-type.bundle.ui-testing";
		};
/* End PBXNativeTarget section */

/* Begin PBXProject section */
		1B4135AD28597E8900C7094A /* Project object */ = {
			isa = PBXProject;
			attributes = {
				BuildIndependentTargetsInParallel = 1;
				LastSwiftUpdateCheck = 1340;
				LastUpgradeCheck = 1340;
				TargetAttributes = {
					1B4135B428597E8900C7094A = {
						CreatedOnToolsVersion = 13.4.1;
					};
					1B4135C428597E8F00C7094A = {
						CreatedOnToolsVersion = 13.4.1;
						TestTargetID = 1B4135B428597E8900C7094A;
					};
					1B4135CE28597E8F00C7094A = {
						CreatedOnToolsVersion = 13.4.1;
						TestTargetID = 1B4135B428597E8900C7094A;
					};
				};
			};
			buildConfigurationList = 1B4135B028597E8900C7094A /* Build configuration list for PBXProject "Fiero" */;
			compatibilityVersion = "Xcode 13.0";
			developmentRegion = en;
			hasScannedForEncodings = 0;
			knownRegions = (
				en,
				Base,
			);
			mainGroup = 1B4135AC28597E8900C7094A;
			productRefGroup = 1B4135B628597E8900C7094A /* Products */;
			projectDirPath = "";
			projectRoot = "";
			targets = (
				1B4135B428597E8900C7094A /* Fiero */,
				1B4135C428597E8F00C7094A /* FieroTests */,
				1B4135CE28597E8F00C7094A /* FieroUITests */,
			);
		};
/* End PBXProject section */

/* Begin PBXResourcesBuildPhase section */
		1B4135B328597E8900C7094A /* Resources */ = {
			isa = PBXResourcesBuildPhase;
			buildActionMask = 2147483647;
			files = (
				1B4135C028597E8F00C7094A /* Preview Assets.xcassets in Resources */,
				1B4135BD28597E8F00C7094A /* Assets.xcassets in Resources */,
			);
			runOnlyForDeploymentPostprocessing = 0;
		};
		1B4135C328597E8F00C7094A /* Resources */ = {
			isa = PBXResourcesBuildPhase;
			buildActionMask = 2147483647;
			files = (
			);
			runOnlyForDeploymentPostprocessing = 0;
		};
		1B4135CD28597E8F00C7094A /* Resources */ = {
			isa = PBXResourcesBuildPhase;
			buildActionMask = 2147483647;
			files = (
			);
			runOnlyForDeploymentPostprocessing = 0;
		};
/* End PBXResourcesBuildPhase section */

/* Begin PBXSourcesBuildPhase section */
		1B4135B128597E8900C7094A /* Sources */ = {
			isa = PBXSourcesBuildPhase;
			buildActionMask = 2147483647;
			files = (
				CCA3C24928760002007F6597 /* CheckboxComponent.swift in Sources */,
				CCA3C24D28774FF3007F6597 /* CheckboxStyles.swift in Sources */,
				F888EC032876010200445FED /* AlertComponent.swift in Sources */,
				F888EC01287600C300445FED /* AlertStyles.swift in Sources */,
				1B4135BB28597E8900C7094A /* ContentView.swift in Sources */,
				1B4135B928597E8900C7094A /* FieroApp.swift in Sources */,
				1BDE554128738CE3004F63DD /* PrimaryTextField.swift in Sources */,
				1B5B7CDF2875FE4300B4628F /* SecurePrimaryTextField.swift in Sources */,
				1B5B7CDD2874BF6A00B4628F /* View+Extensions.swift in Sources */,
				CCA3C23D287382DD007F6597 /* ButtonComponent.swift in Sources */,
				CCA3C2412874847D007F6597 /* ButtonStyles.swift in Sources */,
				1B8FB39D286F6EEF00B9F868 /* Tokens.swift in Sources */,
				F8E3854A287759FF00A5C69A /* RegistrationScreen.swift in Sources */,
				1B5B7CE12876005C00B4628F /* CustomTextFieldView.swift in Sources */,
				1B5B7CE428761F7800B4628F /* TextFieldStyleVariant.swift in Sources */,
			);
			runOnlyForDeploymentPostprocessing = 0;
		};
		1B4135C128597E8F00C7094A /* Sources */ = {
			isa = PBXSourcesBuildPhase;
			buildActionMask = 2147483647;
			files = (
				1B4135CA28597E8F00C7094A /* FieroTests.swift in Sources */,
			);
			runOnlyForDeploymentPostprocessing = 0;
		};
		1B4135CB28597E8F00C7094A /* Sources */ = {
			isa = PBXSourcesBuildPhase;
			buildActionMask = 2147483647;
			files = (
				1B4135D628597E8F00C7094A /* FieroUITestsLaunchTests.swift in Sources */,
				1B4135D428597E8F00C7094A /* FieroUITests.swift in Sources */,
			);
			runOnlyForDeploymentPostprocessing = 0;
		};
/* End PBXSourcesBuildPhase section */

/* Begin PBXTargetDependency section */
		1B4135C728597E8F00C7094A /* PBXTargetDependency */ = {
			isa = PBXTargetDependency;
			target = 1B4135B428597E8900C7094A /* Fiero */;
			targetProxy = 1B4135C628597E8F00C7094A /* PBXContainerItemProxy */;
		};
		1B4135D128597E8F00C7094A /* PBXTargetDependency */ = {
			isa = PBXTargetDependency;
			target = 1B4135B428597E8900C7094A /* Fiero */;
			targetProxy = 1B4135D028597E8F00C7094A /* PBXContainerItemProxy */;
		};
/* End PBXTargetDependency section */

/* Begin XCBuildConfiguration section */
		1B4135D728597E8F00C7094A /* Debug */ = {
			isa = XCBuildConfiguration;
			buildSettings = {
				ALWAYS_SEARCH_USER_PATHS = NO;
				CLANG_ANALYZER_NONNULL = YES;
				CLANG_ANALYZER_NUMBER_OBJECT_CONVERSION = YES_AGGRESSIVE;
				CLANG_CXX_LANGUAGE_STANDARD = "gnu++17";
				CLANG_ENABLE_MODULES = YES;
				CLANG_ENABLE_OBJC_ARC = YES;
				CLANG_ENABLE_OBJC_WEAK = YES;
				CLANG_WARN_BLOCK_CAPTURE_AUTORELEASING = YES;
				CLANG_WARN_BOOL_CONVERSION = YES;
				CLANG_WARN_COMMA = YES;
				CLANG_WARN_CONSTANT_CONVERSION = YES;
				CLANG_WARN_DEPRECATED_OBJC_IMPLEMENTATIONS = YES;
				CLANG_WARN_DIRECT_OBJC_ISA_USAGE = YES_ERROR;
				CLANG_WARN_DOCUMENTATION_COMMENTS = YES;
				CLANG_WARN_EMPTY_BODY = YES;
				CLANG_WARN_ENUM_CONVERSION = YES;
				CLANG_WARN_INFINITE_RECURSION = YES;
				CLANG_WARN_INT_CONVERSION = YES;
				CLANG_WARN_NON_LITERAL_NULL_CONVERSION = YES;
				CLANG_WARN_OBJC_IMPLICIT_RETAIN_SELF = YES;
				CLANG_WARN_OBJC_LITERAL_CONVERSION = YES;
				CLANG_WARN_OBJC_ROOT_CLASS = YES_ERROR;
				CLANG_WARN_QUOTED_INCLUDE_IN_FRAMEWORK_HEADER = YES;
				CLANG_WARN_RANGE_LOOP_ANALYSIS = YES;
				CLANG_WARN_STRICT_PROTOTYPES = YES;
				CLANG_WARN_SUSPICIOUS_MOVE = YES;
				CLANG_WARN_UNGUARDED_AVAILABILITY = YES_AGGRESSIVE;
				CLANG_WARN_UNREACHABLE_CODE = YES;
				CLANG_WARN__DUPLICATE_METHOD_MATCH = YES;
				COPY_PHASE_STRIP = NO;
				DEBUG_INFORMATION_FORMAT = dwarf;
				ENABLE_STRICT_OBJC_MSGSEND = YES;
				ENABLE_TESTABILITY = YES;
				GCC_C_LANGUAGE_STANDARD = gnu11;
				GCC_DYNAMIC_NO_PIC = NO;
				GCC_NO_COMMON_BLOCKS = YES;
				GCC_OPTIMIZATION_LEVEL = 0;
				GCC_PREPROCESSOR_DEFINITIONS = (
					"DEBUG=1",
					"$(inherited)",
				);
				GCC_WARN_64_TO_32_BIT_CONVERSION = YES;
				GCC_WARN_ABOUT_RETURN_TYPE = YES_ERROR;
				GCC_WARN_UNDECLARED_SELECTOR = YES;
				GCC_WARN_UNINITIALIZED_AUTOS = YES_AGGRESSIVE;
				GCC_WARN_UNUSED_FUNCTION = YES;
				GCC_WARN_UNUSED_VARIABLE = YES;
				IPHONEOS_DEPLOYMENT_TARGET = 14.0;
				MTL_ENABLE_DEBUG_INFO = INCLUDE_SOURCE;
				MTL_FAST_MATH = YES;
				ONLY_ACTIVE_ARCH = YES;
				SDKROOT = iphoneos;
				SWIFT_ACTIVE_COMPILATION_CONDITIONS = DEBUG;
				SWIFT_OPTIMIZATION_LEVEL = "-Onone";
			};
			name = Debug;
		};
		1B4135D828597E8F00C7094A /* Release */ = {
			isa = XCBuildConfiguration;
			buildSettings = {
				ALWAYS_SEARCH_USER_PATHS = NO;
				CLANG_ANALYZER_NONNULL = YES;
				CLANG_ANALYZER_NUMBER_OBJECT_CONVERSION = YES_AGGRESSIVE;
				CLANG_CXX_LANGUAGE_STANDARD = "gnu++17";
				CLANG_ENABLE_MODULES = YES;
				CLANG_ENABLE_OBJC_ARC = YES;
				CLANG_ENABLE_OBJC_WEAK = YES;
				CLANG_WARN_BLOCK_CAPTURE_AUTORELEASING = YES;
				CLANG_WARN_BOOL_CONVERSION = YES;
				CLANG_WARN_COMMA = YES;
				CLANG_WARN_CONSTANT_CONVERSION = YES;
				CLANG_WARN_DEPRECATED_OBJC_IMPLEMENTATIONS = YES;
				CLANG_WARN_DIRECT_OBJC_ISA_USAGE = YES_ERROR;
				CLANG_WARN_DOCUMENTATION_COMMENTS = YES;
				CLANG_WARN_EMPTY_BODY = YES;
				CLANG_WARN_ENUM_CONVERSION = YES;
				CLANG_WARN_INFINITE_RECURSION = YES;
				CLANG_WARN_INT_CONVERSION = YES;
				CLANG_WARN_NON_LITERAL_NULL_CONVERSION = YES;
				CLANG_WARN_OBJC_IMPLICIT_RETAIN_SELF = YES;
				CLANG_WARN_OBJC_LITERAL_CONVERSION = YES;
				CLANG_WARN_OBJC_ROOT_CLASS = YES_ERROR;
				CLANG_WARN_QUOTED_INCLUDE_IN_FRAMEWORK_HEADER = YES;
				CLANG_WARN_RANGE_LOOP_ANALYSIS = YES;
				CLANG_WARN_STRICT_PROTOTYPES = YES;
				CLANG_WARN_SUSPICIOUS_MOVE = YES;
				CLANG_WARN_UNGUARDED_AVAILABILITY = YES_AGGRESSIVE;
				CLANG_WARN_UNREACHABLE_CODE = YES;
				CLANG_WARN__DUPLICATE_METHOD_MATCH = YES;
				COPY_PHASE_STRIP = NO;
				DEBUG_INFORMATION_FORMAT = "dwarf-with-dsym";
				ENABLE_NS_ASSERTIONS = NO;
				ENABLE_STRICT_OBJC_MSGSEND = YES;
				GCC_C_LANGUAGE_STANDARD = gnu11;
				GCC_NO_COMMON_BLOCKS = YES;
				GCC_WARN_64_TO_32_BIT_CONVERSION = YES;
				GCC_WARN_ABOUT_RETURN_TYPE = YES_ERROR;
				GCC_WARN_UNDECLARED_SELECTOR = YES;
				GCC_WARN_UNINITIALIZED_AUTOS = YES_AGGRESSIVE;
				GCC_WARN_UNUSED_FUNCTION = YES;
				GCC_WARN_UNUSED_VARIABLE = YES;
				IPHONEOS_DEPLOYMENT_TARGET = 14.0;
				MTL_ENABLE_DEBUG_INFO = NO;
				MTL_FAST_MATH = YES;
				SDKROOT = iphoneos;
				SWIFT_COMPILATION_MODE = wholemodule;
				SWIFT_OPTIMIZATION_LEVEL = "-O";
				VALIDATE_PRODUCT = YES;
			};
			name = Release;
		};
		1B4135DA28597E8F00C7094A /* Debug */ = {
			isa = XCBuildConfiguration;
			buildSettings = {
				ASSETCATALOG_COMPILER_APPICON_NAME = AppIcon;
				ASSETCATALOG_COMPILER_GLOBAL_ACCENT_COLOR_NAME = AccentColor;
				CODE_SIGN_STYLE = Automatic;
				CURRENT_PROJECT_VERSION = 1;
				DEVELOPMENT_ASSET_PATHS = "\"Fiero/Preview Content\"";
				DEVELOPMENT_TEAM = S3769X94PP;
				ENABLE_PREVIEWS = YES;
				GENERATE_INFOPLIST_FILE = YES;
				INFOPLIST_KEY_UIApplicationSceneManifest_Generation = YES;
				INFOPLIST_KEY_UIApplicationSupportsIndirectInputEvents = YES;
				INFOPLIST_KEY_UILaunchScreen_Generation = YES;
				INFOPLIST_KEY_UISupportedInterfaceOrientations_iPad = "UIInterfaceOrientationPortrait UIInterfaceOrientationPortraitUpsideDown UIInterfaceOrientationLandscapeLeft UIInterfaceOrientationLandscapeRight";
				INFOPLIST_KEY_UISupportedInterfaceOrientations_iPhone = "UIInterfaceOrientationPortrait UIInterfaceOrientationLandscapeLeft UIInterfaceOrientationLandscapeRight";
				IPHONEOS_DEPLOYMENT_TARGET = 14.0;
				LD_RUNPATH_SEARCH_PATHS = (
					"$(inherited)",
					"@executable_path/Frameworks",
				);
				MARKETING_VERSION = 1.0;
				PRODUCT_BUNDLE_IDENTIFIER = com.pazzi.marina.Fiero2;
				PRODUCT_NAME = "$(TARGET_NAME)";
				SWIFT_EMIT_LOC_STRINGS = YES;
				SWIFT_VERSION = 5.0;
				TARGETED_DEVICE_FAMILY = "1,2";
			};
			name = Debug;
		};
		1B4135DB28597E8F00C7094A /* Release */ = {
			isa = XCBuildConfiguration;
			buildSettings = {
				ASSETCATALOG_COMPILER_APPICON_NAME = AppIcon;
				ASSETCATALOG_COMPILER_GLOBAL_ACCENT_COLOR_NAME = AccentColor;
				CODE_SIGN_STYLE = Automatic;
				CURRENT_PROJECT_VERSION = 1;
				DEVELOPMENT_ASSET_PATHS = "\"Fiero/Preview Content\"";
				DEVELOPMENT_TEAM = S3769X94PP;
				ENABLE_PREVIEWS = YES;
				GENERATE_INFOPLIST_FILE = YES;
				INFOPLIST_KEY_UIApplicationSceneManifest_Generation = YES;
				INFOPLIST_KEY_UIApplicationSupportsIndirectInputEvents = YES;
				INFOPLIST_KEY_UILaunchScreen_Generation = YES;
				INFOPLIST_KEY_UISupportedInterfaceOrientations_iPad = "UIInterfaceOrientationPortrait UIInterfaceOrientationPortraitUpsideDown UIInterfaceOrientationLandscapeLeft UIInterfaceOrientationLandscapeRight";
				INFOPLIST_KEY_UISupportedInterfaceOrientations_iPhone = "UIInterfaceOrientationPortrait UIInterfaceOrientationLandscapeLeft UIInterfaceOrientationLandscapeRight";
				IPHONEOS_DEPLOYMENT_TARGET = 14.0;
				LD_RUNPATH_SEARCH_PATHS = (
					"$(inherited)",
					"@executable_path/Frameworks",
				);
				MARKETING_VERSION = 1.0;
				PRODUCT_BUNDLE_IDENTIFIER = com.pazzi.marina.Fiero2;
				PRODUCT_NAME = "$(TARGET_NAME)";
				SWIFT_EMIT_LOC_STRINGS = YES;
				SWIFT_VERSION = 5.0;
				TARGETED_DEVICE_FAMILY = "1,2";
			};
			name = Release;
		};
		1B4135DD28597E8F00C7094A /* Debug */ = {
			isa = XCBuildConfiguration;
			buildSettings = {
				ALWAYS_EMBED_SWIFT_STANDARD_LIBRARIES = YES;
				BUNDLE_LOADER = "$(TEST_HOST)";
				CODE_SIGN_STYLE = Automatic;
				CURRENT_PROJECT_VERSION = 1;
				DEVELOPMENT_TEAM = GYMDP69744;
				GENERATE_INFOPLIST_FILE = YES;
				IPHONEOS_DEPLOYMENT_TARGET = 14.0;
				MARKETING_VERSION = 1.0;
				PRODUCT_BUNDLE_IDENTIFIER = com.pazzi.marina.FieroTests;
				PRODUCT_NAME = "$(TARGET_NAME)";
				SWIFT_EMIT_LOC_STRINGS = NO;
				SWIFT_VERSION = 5.0;
				TARGETED_DEVICE_FAMILY = "1,2";
				TEST_HOST = "$(BUILT_PRODUCTS_DIR)/Fiero.app/Fiero";
			};
			name = Debug;
		};
		1B4135DE28597E8F00C7094A /* Release */ = {
			isa = XCBuildConfiguration;
			buildSettings = {
				ALWAYS_EMBED_SWIFT_STANDARD_LIBRARIES = YES;
				BUNDLE_LOADER = "$(TEST_HOST)";
				CODE_SIGN_STYLE = Automatic;
				CURRENT_PROJECT_VERSION = 1;
				DEVELOPMENT_TEAM = GYMDP69744;
				GENERATE_INFOPLIST_FILE = YES;
				IPHONEOS_DEPLOYMENT_TARGET = 14.0;
				MARKETING_VERSION = 1.0;
				PRODUCT_BUNDLE_IDENTIFIER = com.pazzi.marina.FieroTests;
				PRODUCT_NAME = "$(TARGET_NAME)";
				SWIFT_EMIT_LOC_STRINGS = NO;
				SWIFT_VERSION = 5.0;
				TARGETED_DEVICE_FAMILY = "1,2";
				TEST_HOST = "$(BUILT_PRODUCTS_DIR)/Fiero.app/Fiero";
			};
			name = Release;
		};
		1B4135E028597E8F00C7094A /* Debug */ = {
			isa = XCBuildConfiguration;
			buildSettings = {
				ALWAYS_EMBED_SWIFT_STANDARD_LIBRARIES = YES;
				CODE_SIGN_STYLE = Automatic;
				CURRENT_PROJECT_VERSION = 1;
				DEVELOPMENT_TEAM = GYMDP69744;
				GENERATE_INFOPLIST_FILE = YES;
				MARKETING_VERSION = 1.0;
				PRODUCT_BUNDLE_IDENTIFIER = com.pazzi.marina.FieroUITests;
				PRODUCT_NAME = "$(TARGET_NAME)";
				SWIFT_EMIT_LOC_STRINGS = NO;
				SWIFT_VERSION = 5.0;
				TARGETED_DEVICE_FAMILY = "1,2";
				TEST_TARGET_NAME = Fiero;
			};
			name = Debug;
		};
		1B4135E128597E8F00C7094A /* Release */ = {
			isa = XCBuildConfiguration;
			buildSettings = {
				ALWAYS_EMBED_SWIFT_STANDARD_LIBRARIES = YES;
				CODE_SIGN_STYLE = Automatic;
				CURRENT_PROJECT_VERSION = 1;
				DEVELOPMENT_TEAM = GYMDP69744;
				GENERATE_INFOPLIST_FILE = YES;
				MARKETING_VERSION = 1.0;
				PRODUCT_BUNDLE_IDENTIFIER = com.pazzi.marina.FieroUITests;
				PRODUCT_NAME = "$(TARGET_NAME)";
				SWIFT_EMIT_LOC_STRINGS = NO;
				SWIFT_VERSION = 5.0;
				TARGETED_DEVICE_FAMILY = "1,2";
				TEST_TARGET_NAME = Fiero;
			};
			name = Release;
		};
/* End XCBuildConfiguration section */

/* Begin XCConfigurationList section */
		1B4135B028597E8900C7094A /* Build configuration list for PBXProject "Fiero" */ = {
			isa = XCConfigurationList;
			buildConfigurations = (
				1B4135D728597E8F00C7094A /* Debug */,
				1B4135D828597E8F00C7094A /* Release */,
			);
			defaultConfigurationIsVisible = 0;
			defaultConfigurationName = Release;
		};
		1B4135D928597E8F00C7094A /* Build configuration list for PBXNativeTarget "Fiero" */ = {
			isa = XCConfigurationList;
			buildConfigurations = (
				1B4135DA28597E8F00C7094A /* Debug */,
				1B4135DB28597E8F00C7094A /* Release */,
			);
			defaultConfigurationIsVisible = 0;
			defaultConfigurationName = Release;
		};
		1B4135DC28597E8F00C7094A /* Build configuration list for PBXNativeTarget "FieroTests" */ = {
			isa = XCConfigurationList;
			buildConfigurations = (
				1B4135DD28597E8F00C7094A /* Debug */,
				1B4135DE28597E8F00C7094A /* Release */,
			);
			defaultConfigurationIsVisible = 0;
			defaultConfigurationName = Release;
		};
		1B4135DF28597E8F00C7094A /* Build configuration list for PBXNativeTarget "FieroUITests" */ = {
			isa = XCConfigurationList;
			buildConfigurations = (
				1B4135E028597E8F00C7094A /* Debug */,
				1B4135E128597E8F00C7094A /* Release */,
			);
			defaultConfigurationIsVisible = 0;
			defaultConfigurationName = Release;
		};
/* End XCConfigurationList section */
	};
	rootObject = 1B4135AD28597E8900C7094A /* Project object */;
}
