{
  "pins" : [
    {
      "identity" : "ios-sdk",
      "kind" : "remoteSourceControl",
      "location" : "https://github.com/uxcam/ios-sdk",
      "state" : {
        "revision" : "9b2ea14da18c51cc96c67f1748f1b74f7731fe7b",
        "version" : "3.4.3"
      }
    },
    {
      "identity" : "ios-swiftui",
      "kind" : "remoteSourceControl",
      "location" : "https://github.com/uxcam/ios-swiftui",
      "state" : {
        "revision" : "89698ae4b0878e53616b73050374c1c08ba5a0ab",
        "version" : "1.0.1"
      }
    }
  ],
  "version" : 2
}
